
Microsoft Visual Studio Solution File, Format Version 12.00
# Visual Studio 14
VisualStudioVersion = 14.0.25420.1
MinimumVisualStudioVersion = 10.0.40219.1
Project("{FAE04EC0-301F-11D3-BF4B-00C04F79EFBC}") = "App1.Droid", "App1\App1.Droid\App1.Droid.csproj", "{D60E3BAE-06CC-4ECD-BA54-240D72BC9D4E}"
EndProject
Project("{FAE04EC0-301F-11D3-BF4B-00C04F79EFBC}") = "App1.iOS", "App1\App1.iOS\App1.iOS.csproj", "{A679A783-D6C5-4B9F-9F42-FE44AFA69FE4}"
EndProject
Project("{FAE04EC0-301F-11D3-BF4B-00C04F79EFBC}") = "App1.WinPhone", "App1\App1.WinPhone\App1.WinPhone.csproj", "{81F6D455-F713-4C5F-8EA8-A22626A2EE09}"
EndProject
Project("{FAE04EC0-301F-11D3-BF4B-00C04F79EFBC}") = "App1.UWP", "App1\App1.UWP\App1.UWP.csproj", "{7429D91E-21AF-4ABE-A47D-603FFE6D01C0}"
EndProject
Project("{FAE04EC0-301F-11D3-BF4B-00C04F79EFBC}") = "App1.Windows", "App1\App1.Windows\App1.Windows.csproj", "{B2241FA1-7F77-46B1-AAFF-E256906DE2E7}"
EndProject
Project("{FAE04EC0-301F-11D3-BF4B-00C04F79EFBC}") = "App1", "App1\App1\App1.csproj", "{06422735-5EC6-4F3D-A49A-1D9DD0F25C54}"
EndProject
Project("{FAE04EC0-301F-11D3-BF4B-00C04F79EFBC}") = "App2", "App2\App2\App2.csproj", "{947452B1-A172-474A-9254-402D3334D7D3}"
EndProject
Project("{FAE04EC0-301F-11D3-BF4B-00C04F79EFBC}") = "App2.Droid", "App2\App2.Droid\App2.Droid.csproj", "{63DFDBEF-1E8A-48EF-BE48-1B0CE61BD1FD}"
EndProject
Project("{FAE04EC0-301F-11D3-BF4B-00C04F79EFBC}") = "App2.iOS", "App2\App2.iOS\App2.iOS.csproj", "{09A09FF2-5B2A-45AE-BEE6-CD6ECCCDD1EA}"
EndProject
Project("{FAE04EC0-301F-11D3-BF4B-00C04F79EFBC}") = "App2.WinPhone", "App2\App2.WinPhone\App2.WinPhone.csproj", "{07E9FFD1-995B-4FF8-8D42-1CFE3E280872}"
EndProject
Project("{FAE04EC0-301F-11D3-BF4B-00C04F79EFBC}") = "App2.UWP", "App2\App2.UWP\App2.UWP.csproj", "{0068B9DA-40AE-4140-94CA-7BA3926B44EA}"
EndProject
Project("{FAE04EC0-301F-11D3-BF4B-00C04F79EFBC}") = "App2.Windows", "App2\App2.Windows\App2.Windows.csproj", "{6891E125-FB7C-4334-96DF-E31F8F30F4DB}"
EndProject
Global
	GlobalSection(SolutionConfigurationPlatforms) = preSolution
		Ad-Hoc|Any CPU = Ad-Hoc|Any CPU
		Ad-Hoc|ARM = Ad-Hoc|ARM
		Ad-Hoc|iPhone = Ad-Hoc|iPhone
		Ad-Hoc|iPhoneSimulator = Ad-Hoc|iPhoneSimulator
		Ad-Hoc|x64 = Ad-Hoc|x64
		Ad-Hoc|x86 = Ad-Hoc|x86
		AppStore|Any CPU = AppStore|Any CPU
		AppStore|ARM = AppStore|ARM
		AppStore|iPhone = AppStore|iPhone
		AppStore|iPhoneSimulator = AppStore|iPhoneSimulator
		AppStore|x64 = AppStore|x64
		AppStore|x86 = AppStore|x86
		Debug|Any CPU = Debug|Any CPU
		Debug|ARM = Debug|ARM
		Debug|iPhone = Debug|iPhone
		Debug|iPhoneSimulator = Debug|iPhoneSimulator
		Debug|x64 = Debug|x64
		Debug|x86 = Debug|x86
		Release|Any CPU = Release|Any CPU
		Release|ARM = Release|ARM
		Release|iPhone = Release|iPhone
		Release|iPhoneSimulator = Release|iPhoneSimulator
		Release|x64 = Release|x64
		Release|x86 = Release|x86
	EndGlobalSection
	GlobalSection(ProjectConfigurationPlatforms) = postSolution
		{D60E3BAE-06CC-4ECD-BA54-240D72BC9D4E}.Ad-Hoc|Any CPU.ActiveCfg = Release|Any CPU
		{D60E3BAE-06CC-4ECD-BA54-240D72BC9D4E}.Ad-Hoc|Any CPU.Build.0 = Release|Any CPU
		{D60E3BAE-06CC-4ECD-BA54-240D72BC9D4E}.Ad-Hoc|Any CPU.Deploy.0 = Release|Any CPU
		{D60E3BAE-06CC-4ECD-BA54-240D72BC9D4E}.Ad-Hoc|ARM.ActiveCfg = Release|Any CPU
		{D60E3BAE-06CC-4ECD-BA54-240D72BC9D4E}.Ad-Hoc|ARM.Build.0 = Release|Any CPU
		{D60E3BAE-06CC-4ECD-BA54-240D72BC9D4E}.Ad-Hoc|ARM.Deploy.0 = Release|Any CPU
		{D60E3BAE-06CC-4ECD-BA54-240D72BC9D4E}.Ad-Hoc|iPhone.ActiveCfg = Release|Any CPU
		{D60E3BAE-06CC-4ECD-BA54-240D72BC9D4E}.Ad-Hoc|iPhone.Build.0 = Release|Any CPU
		{D60E3BAE-06CC-4ECD-BA54-240D72BC9D4E}.Ad-Hoc|iPhone.Deploy.0 = Release|Any CPU
		{D60E3BAE-06CC-4ECD-BA54-240D72BC9D4E}.Ad-Hoc|iPhoneSimulator.ActiveCfg = Release|Any CPU
		{D60E3BAE-06CC-4ECD-BA54-240D72BC9D4E}.Ad-Hoc|iPhoneSimulator.Build.0 = Release|Any CPU
		{D60E3BAE-06CC-4ECD-BA54-240D72BC9D4E}.Ad-Hoc|iPhoneSimulator.Deploy.0 = Release|Any CPU
		{D60E3BAE-06CC-4ECD-BA54-240D72BC9D4E}.Ad-Hoc|x64.ActiveCfg = Release|Any CPU
		{D60E3BAE-06CC-4ECD-BA54-240D72BC9D4E}.Ad-Hoc|x64.Build.0 = Release|Any CPU
		{D60E3BAE-06CC-4ECD-BA54-240D72BC9D4E}.Ad-Hoc|x64.Deploy.0 = Release|Any CPU
		{D60E3BAE-06CC-4ECD-BA54-240D72BC9D4E}.Ad-Hoc|x86.ActiveCfg = Release|Any CPU
		{D60E3BAE-06CC-4ECD-BA54-240D72BC9D4E}.Ad-Hoc|x86.Build.0 = Release|Any CPU
		{D60E3BAE-06CC-4ECD-BA54-240D72BC9D4E}.Ad-Hoc|x86.Deploy.0 = Release|Any CPU
		{D60E3BAE-06CC-4ECD-BA54-240D72BC9D4E}.AppStore|Any CPU.ActiveCfg = Release|Any CPU
		{D60E3BAE-06CC-4ECD-BA54-240D72BC9D4E}.AppStore|Any CPU.Build.0 = Release|Any CPU
		{D60E3BAE-06CC-4ECD-BA54-240D72BC9D4E}.AppStore|Any CPU.Deploy.0 = Release|Any CPU
		{D60E3BAE-06CC-4ECD-BA54-240D72BC9D4E}.AppStore|ARM.ActiveCfg = Release|Any CPU
		{D60E3BAE-06CC-4ECD-BA54-240D72BC9D4E}.AppStore|ARM.Build.0 = Release|Any CPU
		{D60E3BAE-06CC-4ECD-BA54-240D72BC9D4E}.AppStore|ARM.Deploy.0 = Release|Any CPU
		{D60E3BAE-06CC-4ECD-BA54-240D72BC9D4E}.AppStore|iPhone.ActiveCfg = Release|Any CPU
		{D60E3BAE-06CC-4ECD-BA54-240D72BC9D4E}.AppStore|iPhone.Build.0 = Release|Any CPU
		{D60E3BAE-06CC-4ECD-BA54-240D72BC9D4E}.AppStore|iPhone.Deploy.0 = Release|Any CPU
		{D60E3BAE-06CC-4ECD-BA54-240D72BC9D4E}.AppStore|iPhoneSimulator.ActiveCfg = Release|Any CPU
		{D60E3BAE-06CC-4ECD-BA54-240D72BC9D4E}.AppStore|iPhoneSimulator.Build.0 = Release|Any CPU
		{D60E3BAE-06CC-4ECD-BA54-240D72BC9D4E}.AppStore|iPhoneSimulator.Deploy.0 = Release|Any CPU
		{D60E3BAE-06CC-4ECD-BA54-240D72BC9D4E}.AppStore|x64.ActiveCfg = Release|Any CPU
		{D60E3BAE-06CC-4ECD-BA54-240D72BC9D4E}.AppStore|x64.Build.0 = Release|Any CPU
		{D60E3BAE-06CC-4ECD-BA54-240D72BC9D4E}.AppStore|x64.Deploy.0 = Release|Any CPU
		{D60E3BAE-06CC-4ECD-BA54-240D72BC9D4E}.AppStore|x86.ActiveCfg = Release|Any CPU
		{D60E3BAE-06CC-4ECD-BA54-240D72BC9D4E}.AppStore|x86.Build.0 = Release|Any CPU
		{D60E3BAE-06CC-4ECD-BA54-240D72BC9D4E}.AppStore|x86.Deploy.0 = Release|Any CPU
		{D60E3BAE-06CC-4ECD-BA54-240D72BC9D4E}.Debug|Any CPU.ActiveCfg = Debug|Any CPU
		{D60E3BAE-06CC-4ECD-BA54-240D72BC9D4E}.Debug|Any CPU.Build.0 = Debug|Any CPU
		{D60E3BAE-06CC-4ECD-BA54-240D72BC9D4E}.Debug|Any CPU.Deploy.0 = Debug|Any CPU
		{D60E3BAE-06CC-4ECD-BA54-240D72BC9D4E}.Debug|ARM.ActiveCfg = Debug|Any CPU
		{D60E3BAE-06CC-4ECD-BA54-240D72BC9D4E}.Debug|ARM.Build.0 = Debug|Any CPU
		{D60E3BAE-06CC-4ECD-BA54-240D72BC9D4E}.Debug|ARM.Deploy.0 = Debug|Any CPU
		{D60E3BAE-06CC-4ECD-BA54-240D72BC9D4E}.Debug|iPhone.ActiveCfg = Debug|Any CPU
		{D60E3BAE-06CC-4ECD-BA54-240D72BC9D4E}.Debug|iPhone.Build.0 = Debug|Any CPU
		{D60E3BAE-06CC-4ECD-BA54-240D72BC9D4E}.Debug|iPhone.Deploy.0 = Debug|Any CPU
		{D60E3BAE-06CC-4ECD-BA54-240D72BC9D4E}.Debug|iPhoneSimulator.ActiveCfg = Debug|Any CPU
		{D60E3BAE-06CC-4ECD-BA54-240D72BC9D4E}.Debug|iPhoneSimulator.Build.0 = Debug|Any CPU
		{D60E3BAE-06CC-4ECD-BA54-240D72BC9D4E}.Debug|iPhoneSimulator.Deploy.0 = Debug|Any CPU
		{D60E3BAE-06CC-4ECD-BA54-240D72BC9D4E}.Debug|x64.ActiveCfg = Debug|Any CPU
		{D60E3BAE-06CC-4ECD-BA54-240D72BC9D4E}.Debug|x64.Build.0 = Debug|Any CPU
		{D60E3BAE-06CC-4ECD-BA54-240D72BC9D4E}.Debug|x64.Deploy.0 = Debug|Any CPU
		{D60E3BAE-06CC-4ECD-BA54-240D72BC9D4E}.Debug|x86.ActiveCfg = Debug|Any CPU
		{D60E3BAE-06CC-4ECD-BA54-240D72BC9D4E}.Debug|x86.Build.0 = Debug|Any CPU
		{D60E3BAE-06CC-4ECD-BA54-240D72BC9D4E}.Debug|x86.Deploy.0 = Debug|Any CPU
		{D60E3BAE-06CC-4ECD-BA54-240D72BC9D4E}.Release|Any CPU.ActiveCfg = Release|Any CPU
		{D60E3BAE-06CC-4ECD-BA54-240D72BC9D4E}.Release|Any CPU.Build.0 = Release|Any CPU
		{D60E3BAE-06CC-4ECD-BA54-240D72BC9D4E}.Release|Any CPU.Deploy.0 = Release|Any CPU
		{D60E3BAE-06CC-4ECD-BA54-240D72BC9D4E}.Release|ARM.ActiveCfg = Release|Any CPU
		{D60E3BAE-06CC-4ECD-BA54-240D72BC9D4E}.Release|ARM.Build.0 = Release|Any CPU
		{D60E3BAE-06CC-4ECD-BA54-240D72BC9D4E}.Release|ARM.Deploy.0 = Release|Any CPU
		{D60E3BAE-06CC-4ECD-BA54-240D72BC9D4E}.Release|iPhone.ActiveCfg = Release|Any CPU
		{D60E3BAE-06CC-4ECD-BA54-240D72BC9D4E}.Release|iPhone.Build.0 = Release|Any CPU
		{D60E3BAE-06CC-4ECD-BA54-240D72BC9D4E}.Release|iPhone.Deploy.0 = Release|Any CPU
		{D60E3BAE-06CC-4ECD-BA54-240D72BC9D4E}.Release|iPhoneSimulator.ActiveCfg = Release|Any CPU
		{D60E3BAE-06CC-4ECD-BA54-240D72BC9D4E}.Release|iPhoneSimulator.Build.0 = Release|Any CPU
		{D60E3BAE-06CC-4ECD-BA54-240D72BC9D4E}.Release|iPhoneSimulator.Deploy.0 = Release|Any CPU
		{D60E3BAE-06CC-4ECD-BA54-240D72BC9D4E}.Release|x64.ActiveCfg = Release|Any CPU
		{D60E3BAE-06CC-4ECD-BA54-240D72BC9D4E}.Release|x64.Build.0 = Release|Any CPU
		{D60E3BAE-06CC-4ECD-BA54-240D72BC9D4E}.Release|x64.Deploy.0 = Release|Any CPU
		{D60E3BAE-06CC-4ECD-BA54-240D72BC9D4E}.Release|x86.ActiveCfg = Release|Any CPU
		{D60E3BAE-06CC-4ECD-BA54-240D72BC9D4E}.Release|x86.Build.0 = Release|Any CPU
		{D60E3BAE-06CC-4ECD-BA54-240D72BC9D4E}.Release|x86.Deploy.0 = Release|Any CPU
		{A679A783-D6C5-4B9F-9F42-FE44AFA69FE4}.Ad-Hoc|Any CPU.ActiveCfg = Ad-Hoc|iPhone
		{A679A783-D6C5-4B9F-9F42-FE44AFA69FE4}.Ad-Hoc|ARM.ActiveCfg = Ad-Hoc|iPhone
		{A679A783-D6C5-4B9F-9F42-FE44AFA69FE4}.Ad-Hoc|iPhone.ActiveCfg = Ad-Hoc|iPhone
		{A679A783-D6C5-4B9F-9F42-FE44AFA69FE4}.Ad-Hoc|iPhone.Build.0 = Ad-Hoc|iPhone
		{A679A783-D6C5-4B9F-9F42-FE44AFA69FE4}.Ad-Hoc|iPhoneSimulator.ActiveCfg = Ad-Hoc|iPhoneSimulator
		{A679A783-D6C5-4B9F-9F42-FE44AFA69FE4}.Ad-Hoc|iPhoneSimulator.Build.0 = Ad-Hoc|iPhoneSimulator
		{A679A783-D6C5-4B9F-9F42-FE44AFA69FE4}.Ad-Hoc|x64.ActiveCfg = Ad-Hoc|iPhone
		{A679A783-D6C5-4B9F-9F42-FE44AFA69FE4}.Ad-Hoc|x86.ActiveCfg = Ad-Hoc|iPhone
		{A679A783-D6C5-4B9F-9F42-FE44AFA69FE4}.AppStore|Any CPU.ActiveCfg = AppStore|iPhone
		{A679A783-D6C5-4B9F-9F42-FE44AFA69FE4}.AppStore|ARM.ActiveCfg = AppStore|iPhone
		{A679A783-D6C5-4B9F-9F42-FE44AFA69FE4}.AppStore|iPhone.ActiveCfg = AppStore|iPhone
		{A679A783-D6C5-4B9F-9F42-FE44AFA69FE4}.AppStore|iPhone.Build.0 = AppStore|iPhone
		{A679A783-D6C5-4B9F-9F42-FE44AFA69FE4}.AppStore|iPhoneSimulator.ActiveCfg = AppStore|iPhoneSimulator
		{A679A783-D6C5-4B9F-9F42-FE44AFA69FE4}.AppStore|iPhoneSimulator.Build.0 = AppStore|iPhoneSimulator
		{A679A783-D6C5-4B9F-9F42-FE44AFA69FE4}.AppStore|x64.ActiveCfg = AppStore|iPhone
		{A679A783-D6C5-4B9F-9F42-FE44AFA69FE4}.AppStore|x86.ActiveCfg = AppStore|iPhone
		{A679A783-D6C5-4B9F-9F42-FE44AFA69FE4}.Debug|Any CPU.ActiveCfg = Debug|iPhone
		{A679A783-D6C5-4B9F-9F42-FE44AFA69FE4}.Debug|ARM.ActiveCfg = Debug|iPhone
		{A679A783-D6C5-4B9F-9F42-FE44AFA69FE4}.Debug|iPhone.ActiveCfg = Debug|iPhone
		{A679A783-D6C5-4B9F-9F42-FE44AFA69FE4}.Debug|iPhone.Build.0 = Debug|iPhone
		{A679A783-D6C5-4B9F-9F42-FE44AFA69FE4}.Debug|iPhoneSimulator.ActiveCfg = Debug|iPhoneSimulator
		{A679A783-D6C5-4B9F-9F42-FE44AFA69FE4}.Debug|iPhoneSimulator.Build.0 = Debug|iPhoneSimulator
		{A679A783-D6C5-4B9F-9F42-FE44AFA69FE4}.Debug|x64.ActiveCfg = Debug|iPhone
		{A679A783-D6C5-4B9F-9F42-FE44AFA69FE4}.Debug|x86.ActiveCfg = Debug|iPhone
		{A679A783-D6C5-4B9F-9F42-FE44AFA69FE4}.Release|Any CPU.ActiveCfg = Release|iPhone
		{A679A783-D6C5-4B9F-9F42-FE44AFA69FE4}.Release|ARM.ActiveCfg = Release|iPhone
		{A679A783-D6C5-4B9F-9F42-FE44AFA69FE4}.Release|iPhone.ActiveCfg = Release|iPhone
		{A679A783-D6C5-4B9F-9F42-FE44AFA69FE4}.Release|iPhone.Build.0 = Release|iPhone
		{A679A783-D6C5-4B9F-9F42-FE44AFA69FE4}.Release|iPhoneSimulator.ActiveCfg = Release|iPhoneSimulator
		{A679A783-D6C5-4B9F-9F42-FE44AFA69FE4}.Release|iPhoneSimulator.Build.0 = Release|iPhoneSimulator
		{A679A783-D6C5-4B9F-9F42-FE44AFA69FE4}.Release|x64.ActiveCfg = Release|iPhone
		{A679A783-D6C5-4B9F-9F42-FE44AFA69FE4}.Release|x86.ActiveCfg = Release|iPhone
		{81F6D455-F713-4C5F-8EA8-A22626A2EE09}.Ad-Hoc|Any CPU.ActiveCfg = Release|Any CPU
		{81F6D455-F713-4C5F-8EA8-A22626A2EE09}.Ad-Hoc|Any CPU.Build.0 = Release|Any CPU
		{81F6D455-F713-4C5F-8EA8-A22626A2EE09}.Ad-Hoc|Any CPU.Deploy.0 = Release|Any CPU
		{81F6D455-F713-4C5F-8EA8-A22626A2EE09}.Ad-Hoc|ARM.ActiveCfg = Release|ARM
		{81F6D455-F713-4C5F-8EA8-A22626A2EE09}.Ad-Hoc|ARM.Build.0 = Release|ARM
		{81F6D455-F713-4C5F-8EA8-A22626A2EE09}.Ad-Hoc|ARM.Deploy.0 = Release|ARM
		{81F6D455-F713-4C5F-8EA8-A22626A2EE09}.Ad-Hoc|iPhone.ActiveCfg = Release|Any CPU
		{81F6D455-F713-4C5F-8EA8-A22626A2EE09}.Ad-Hoc|iPhone.Build.0 = Release|Any CPU
		{81F6D455-F713-4C5F-8EA8-A22626A2EE09}.Ad-Hoc|iPhone.Deploy.0 = Release|Any CPU
		{81F6D455-F713-4C5F-8EA8-A22626A2EE09}.Ad-Hoc|iPhoneSimulator.ActiveCfg = Release|Any CPU
		{81F6D455-F713-4C5F-8EA8-A22626A2EE09}.Ad-Hoc|iPhoneSimulator.Build.0 = Release|Any CPU
		{81F6D455-F713-4C5F-8EA8-A22626A2EE09}.Ad-Hoc|iPhoneSimulator.Deploy.0 = Release|Any CPU
		{81F6D455-F713-4C5F-8EA8-A22626A2EE09}.Ad-Hoc|x64.ActiveCfg = Release|Any CPU
		{81F6D455-F713-4C5F-8EA8-A22626A2EE09}.Ad-Hoc|x64.Build.0 = Release|Any CPU
		{81F6D455-F713-4C5F-8EA8-A22626A2EE09}.Ad-Hoc|x64.Deploy.0 = Release|Any CPU
		{81F6D455-F713-4C5F-8EA8-A22626A2EE09}.Ad-Hoc|x86.ActiveCfg = Release|x86
		{81F6D455-F713-4C5F-8EA8-A22626A2EE09}.Ad-Hoc|x86.Build.0 = Release|x86
		{81F6D455-F713-4C5F-8EA8-A22626A2EE09}.Ad-Hoc|x86.Deploy.0 = Release|x86
		{81F6D455-F713-4C5F-8EA8-A22626A2EE09}.AppStore|Any CPU.ActiveCfg = Release|Any CPU
		{81F6D455-F713-4C5F-8EA8-A22626A2EE09}.AppStore|Any CPU.Build.0 = Release|Any CPU
		{81F6D455-F713-4C5F-8EA8-A22626A2EE09}.AppStore|Any CPU.Deploy.0 = Release|Any CPU
		{81F6D455-F713-4C5F-8EA8-A22626A2EE09}.AppStore|ARM.ActiveCfg = Release|ARM
		{81F6D455-F713-4C5F-8EA8-A22626A2EE09}.AppStore|ARM.Build.0 = Release|ARM
		{81F6D455-F713-4C5F-8EA8-A22626A2EE09}.AppStore|ARM.Deploy.0 = Release|ARM
		{81F6D455-F713-4C5F-8EA8-A22626A2EE09}.AppStore|iPhone.ActiveCfg = Release|Any CPU
		{81F6D455-F713-4C5F-8EA8-A22626A2EE09}.AppStore|iPhone.Build.0 = Release|Any CPU
		{81F6D455-F713-4C5F-8EA8-A22626A2EE09}.AppStore|iPhone.Deploy.0 = Release|Any CPU
		{81F6D455-F713-4C5F-8EA8-A22626A2EE09}.AppStore|iPhoneSimulator.ActiveCfg = Release|Any CPU
		{81F6D455-F713-4C5F-8EA8-A22626A2EE09}.AppStore|iPhoneSimulator.Build.0 = Release|Any CPU
		{81F6D455-F713-4C5F-8EA8-A22626A2EE09}.AppStore|iPhoneSimulator.Deploy.0 = Release|Any CPU
		{81F6D455-F713-4C5F-8EA8-A22626A2EE09}.AppStore|x64.ActiveCfg = Release|Any CPU
		{81F6D455-F713-4C5F-8EA8-A22626A2EE09}.AppStore|x64.Build.0 = Release|Any CPU
		{81F6D455-F713-4C5F-8EA8-A22626A2EE09}.AppStore|x64.Deploy.0 = Release|Any CPU
		{81F6D455-F713-4C5F-8EA8-A22626A2EE09}.AppStore|x86.ActiveCfg = Release|x86
		{81F6D455-F713-4C5F-8EA8-A22626A2EE09}.AppStore|x86.Build.0 = Release|x86
		{81F6D455-F713-4C5F-8EA8-A22626A2EE09}.AppStore|x86.Deploy.0 = Release|x86
		{81F6D455-F713-4C5F-8EA8-A22626A2EE09}.Debug|Any CPU.ActiveCfg = Debug|Any CPU
		{81F6D455-F713-4C5F-8EA8-A22626A2EE09}.Debug|Any CPU.Build.0 = Debug|Any CPU
		{81F6D455-F713-4C5F-8EA8-A22626A2EE09}.Debug|Any CPU.Deploy.0 = Debug|Any CPU
		{81F6D455-F713-4C5F-8EA8-A22626A2EE09}.Debug|ARM.ActiveCfg = Debug|ARM
		{81F6D455-F713-4C5F-8EA8-A22626A2EE09}.Debug|ARM.Build.0 = Debug|ARM
		{81F6D455-F713-4C5F-8EA8-A22626A2EE09}.Debug|ARM.Deploy.0 = Debug|ARM
		{81F6D455-F713-4C5F-8EA8-A22626A2EE09}.Debug|iPhone.ActiveCfg = Debug|Any CPU
		{81F6D455-F713-4C5F-8EA8-A22626A2EE09}.Debug|iPhone.Build.0 = Debug|Any CPU
		{81F6D455-F713-4C5F-8EA8-A22626A2EE09}.Debug|iPhone.Deploy.0 = Debug|Any CPU
		{81F6D455-F713-4C5F-8EA8-A22626A2EE09}.Debug|iPhoneSimulator.ActiveCfg = Debug|Any CPU
		{81F6D455-F713-4C5F-8EA8-A22626A2EE09}.Debug|iPhoneSimulator.Build.0 = Debug|Any CPU
		{81F6D455-F713-4C5F-8EA8-A22626A2EE09}.Debug|iPhoneSimulator.Deploy.0 = Debug|Any CPU
		{81F6D455-F713-4C5F-8EA8-A22626A2EE09}.Debug|x64.ActiveCfg = Debug|Any CPU
		{81F6D455-F713-4C5F-8EA8-A22626A2EE09}.Debug|x64.Build.0 = Debug|Any CPU
		{81F6D455-F713-4C5F-8EA8-A22626A2EE09}.Debug|x64.Deploy.0 = Debug|Any CPU
		{81F6D455-F713-4C5F-8EA8-A22626A2EE09}.Debug|x86.ActiveCfg = Debug|x86
		{81F6D455-F713-4C5F-8EA8-A22626A2EE09}.Debug|x86.Build.0 = Debug|x86
		{81F6D455-F713-4C5F-8EA8-A22626A2EE09}.Debug|x86.Deploy.0 = Debug|x86
		{81F6D455-F713-4C5F-8EA8-A22626A2EE09}.Release|Any CPU.ActiveCfg = Release|Any CPU
		{81F6D455-F713-4C5F-8EA8-A22626A2EE09}.Release|Any CPU.Build.0 = Release|Any CPU
		{81F6D455-F713-4C5F-8EA8-A22626A2EE09}.Release|Any CPU.Deploy.0 = Release|Any CPU
		{81F6D455-F713-4C5F-8EA8-A22626A2EE09}.Release|ARM.ActiveCfg = Release|ARM
		{81F6D455-F713-4C5F-8EA8-A22626A2EE09}.Release|ARM.Build.0 = Release|ARM
		{81F6D455-F713-4C5F-8EA8-A22626A2EE09}.Release|ARM.Deploy.0 = Release|ARM
		{81F6D455-F713-4C5F-8EA8-A22626A2EE09}.Release|iPhone.ActiveCfg = Release|Any CPU
		{81F6D455-F713-4C5F-8EA8-A22626A2EE09}.Release|iPhone.Build.0 = Release|Any CPU
		{81F6D455-F713-4C5F-8EA8-A22626A2EE09}.Release|iPhone.Deploy.0 = Release|Any CPU
		{81F6D455-F713-4C5F-8EA8-A22626A2EE09}.Release|iPhoneSimulator.ActiveCfg = Release|Any CPU
		{81F6D455-F713-4C5F-8EA8-A22626A2EE09}.Release|iPhoneSimulator.Build.0 = Release|Any CPU
		{81F6D455-F713-4C5F-8EA8-A22626A2EE09}.Release|iPhoneSimulator.Deploy.0 = Release|Any CPU
		{81F6D455-F713-4C5F-8EA8-A22626A2EE09}.Release|x64.ActiveCfg = Release|Any CPU
		{81F6D455-F713-4C5F-8EA8-A22626A2EE09}.Release|x64.Build.0 = Release|Any CPU
		{81F6D455-F713-4C5F-8EA8-A22626A2EE09}.Release|x64.Deploy.0 = Release|Any CPU
		{81F6D455-F713-4C5F-8EA8-A22626A2EE09}.Release|x86.ActiveCfg = Release|x86
		{81F6D455-F713-4C5F-8EA8-A22626A2EE09}.Release|x86.Build.0 = Release|x86
		{81F6D455-F713-4C5F-8EA8-A22626A2EE09}.Release|x86.Deploy.0 = Release|x86
		{7429D91E-21AF-4ABE-A47D-603FFE6D01C0}.Ad-Hoc|Any CPU.ActiveCfg = Release|x86
		{7429D91E-21AF-4ABE-A47D-603FFE6D01C0}.Ad-Hoc|Any CPU.Build.0 = Release|x86
		{7429D91E-21AF-4ABE-A47D-603FFE6D01C0}.Ad-Hoc|Any CPU.Deploy.0 = Release|x86
		{7429D91E-21AF-4ABE-A47D-603FFE6D01C0}.Ad-Hoc|ARM.ActiveCfg = Release|ARM
		{7429D91E-21AF-4ABE-A47D-603FFE6D01C0}.Ad-Hoc|ARM.Build.0 = Release|ARM
		{7429D91E-21AF-4ABE-A47D-603FFE6D01C0}.Ad-Hoc|ARM.Deploy.0 = Release|ARM
		{7429D91E-21AF-4ABE-A47D-603FFE6D01C0}.Ad-Hoc|iPhone.ActiveCfg = Release|x86
		{7429D91E-21AF-4ABE-A47D-603FFE6D01C0}.Ad-Hoc|iPhone.Build.0 = Release|x86
		{7429D91E-21AF-4ABE-A47D-603FFE6D01C0}.Ad-Hoc|iPhone.Deploy.0 = Release|x86
		{7429D91E-21AF-4ABE-A47D-603FFE6D01C0}.Ad-Hoc|iPhoneSimulator.ActiveCfg = Release|x86
		{7429D91E-21AF-4ABE-A47D-603FFE6D01C0}.Ad-Hoc|iPhoneSimulator.Build.0 = Release|x86
		{7429D91E-21AF-4ABE-A47D-603FFE6D01C0}.Ad-Hoc|iPhoneSimulator.Deploy.0 = Release|x86
		{7429D91E-21AF-4ABE-A47D-603FFE6D01C0}.Ad-Hoc|x64.ActiveCfg = Release|x64
		{7429D91E-21AF-4ABE-A47D-603FFE6D01C0}.Ad-Hoc|x64.Build.0 = Release|x64
		{7429D91E-21AF-4ABE-A47D-603FFE6D01C0}.Ad-Hoc|x64.Deploy.0 = Release|x64
		{7429D91E-21AF-4ABE-A47D-603FFE6D01C0}.Ad-Hoc|x86.ActiveCfg = Release|x86
		{7429D91E-21AF-4ABE-A47D-603FFE6D01C0}.Ad-Hoc|x86.Build.0 = Release|x86
		{7429D91E-21AF-4ABE-A47D-603FFE6D01C0}.Ad-Hoc|x86.Deploy.0 = Release|x86
		{7429D91E-21AF-4ABE-A47D-603FFE6D01C0}.AppStore|Any CPU.ActiveCfg = Release|x86
		{7429D91E-21AF-4ABE-A47D-603FFE6D01C0}.AppStore|Any CPU.Build.0 = Release|x86
		{7429D91E-21AF-4ABE-A47D-603FFE6D01C0}.AppStore|Any CPU.Deploy.0 = Release|x86
		{7429D91E-21AF-4ABE-A47D-603FFE6D01C0}.AppStore|ARM.ActiveCfg = Release|ARM
		{7429D91E-21AF-4ABE-A47D-603FFE6D01C0}.AppStore|ARM.Build.0 = Release|ARM
		{7429D91E-21AF-4ABE-A47D-603FFE6D01C0}.AppStore|ARM.Deploy.0 = Release|ARM
		{7429D91E-21AF-4ABE-A47D-603FFE6D01C0}.AppStore|iPhone.ActiveCfg = Release|x86
		{7429D91E-21AF-4ABE-A47D-603FFE6D01C0}.AppStore|iPhone.Build.0 = Release|x86
		{7429D91E-21AF-4ABE-A47D-603FFE6D01C0}.AppStore|iPhone.Deploy.0 = Release|x86
		{7429D91E-21AF-4ABE-A47D-603FFE6D01C0}.AppStore|iPhoneSimulator.ActiveCfg = Release|x86
		{7429D91E-21AF-4ABE-A47D-603FFE6D01C0}.AppStore|iPhoneSimulator.Build.0 = Release|x86
		{7429D91E-21AF-4ABE-A47D-603FFE6D01C0}.AppStore|iPhoneSimulator.Deploy.0 = Release|x86
		{7429D91E-21AF-4ABE-A47D-603FFE6D01C0}.AppStore|x64.ActiveCfg = Release|x64
		{7429D91E-21AF-4ABE-A47D-603FFE6D01C0}.AppStore|x64.Build.0 = Release|x64
		{7429D91E-21AF-4ABE-A47D-603FFE6D01C0}.AppStore|x64.Deploy.0 = Release|x64
		{7429D91E-21AF-4ABE-A47D-603FFE6D01C0}.AppStore|x86.ActiveCfg = Release|x86
		{7429D91E-21AF-4ABE-A47D-603FFE6D01C0}.AppStore|x86.Build.0 = Release|x86
		{7429D91E-21AF-4ABE-A47D-603FFE6D01C0}.AppStore|x86.Deploy.0 = Release|x86
		{7429D91E-21AF-4ABE-A47D-603FFE6D01C0}.Debug|Any CPU.ActiveCfg = Debug|x86
		{7429D91E-21AF-4ABE-A47D-603FFE6D01C0}.Debug|ARM.ActiveCfg = Debug|ARM
		{7429D91E-21AF-4ABE-A47D-603FFE6D01C0}.Debug|ARM.Build.0 = Debug|ARM
		{7429D91E-21AF-4ABE-A47D-603FFE6D01C0}.Debug|ARM.Deploy.0 = Debug|ARM
		{7429D91E-21AF-4ABE-A47D-603FFE6D01C0}.Debug|iPhone.ActiveCfg = Debug|x86
		{7429D91E-21AF-4ABE-A47D-603FFE6D01C0}.Debug|iPhoneSimulator.ActiveCfg = Debug|x86
		{7429D91E-21AF-4ABE-A47D-603FFE6D01C0}.Debug|x64.ActiveCfg = Debug|x64
		{7429D91E-21AF-4ABE-A47D-603FFE6D01C0}.Debug|x64.Build.0 = Debug|x64
		{7429D91E-21AF-4ABE-A47D-603FFE6D01C0}.Debug|x64.Deploy.0 = Debug|x64
		{7429D91E-21AF-4ABE-A47D-603FFE6D01C0}.Debug|x86.ActiveCfg = Debug|x86
		{7429D91E-21AF-4ABE-A47D-603FFE6D01C0}.Debug|x86.Build.0 = Debug|x86
		{7429D91E-21AF-4ABE-A47D-603FFE6D01C0}.Debug|x86.Deploy.0 = Debug|x86
		{7429D91E-21AF-4ABE-A47D-603FFE6D01C0}.Release|Any CPU.ActiveCfg = Release|x86
		{7429D91E-21AF-4ABE-A47D-603FFE6D01C0}.Release|ARM.ActiveCfg = Release|ARM
		{7429D91E-21AF-4ABE-A47D-603FFE6D01C0}.Release|ARM.Build.0 = Release|ARM
		{7429D91E-21AF-4ABE-A47D-603FFE6D01C0}.Release|ARM.Deploy.0 = Release|ARM
		{7429D91E-21AF-4ABE-A47D-603FFE6D01C0}.Release|iPhone.ActiveCfg = Release|x86
		{7429D91E-21AF-4ABE-A47D-603FFE6D01C0}.Release|iPhoneSimulator.ActiveCfg = Release|x86
		{7429D91E-21AF-4ABE-A47D-603FFE6D01C0}.Release|x64.ActiveCfg = Release|x64
		{7429D91E-21AF-4ABE-A47D-603FFE6D01C0}.Release|x64.Build.0 = Release|x64
		{7429D91E-21AF-4ABE-A47D-603FFE6D01C0}.Release|x64.Deploy.0 = Release|x64
		{7429D91E-21AF-4ABE-A47D-603FFE6D01C0}.Release|x86.ActiveCfg = Release|x86
		{7429D91E-21AF-4ABE-A47D-603FFE6D01C0}.Release|x86.Build.0 = Release|x86
		{7429D91E-21AF-4ABE-A47D-603FFE6D01C0}.Release|x86.Deploy.0 = Release|x86
		{B2241FA1-7F77-46B1-AAFF-E256906DE2E7}.Ad-Hoc|Any CPU.ActiveCfg = Release|Any CPU
		{B2241FA1-7F77-46B1-AAFF-E256906DE2E7}.Ad-Hoc|Any CPU.Build.0 = Release|Any CPU
		{B2241FA1-7F77-46B1-AAFF-E256906DE2E7}.Ad-Hoc|Any CPU.Deploy.0 = Release|Any CPU
		{B2241FA1-7F77-46B1-AAFF-E256906DE2E7}.Ad-Hoc|ARM.ActiveCfg = Release|ARM
		{B2241FA1-7F77-46B1-AAFF-E256906DE2E7}.Ad-Hoc|ARM.Build.0 = Release|ARM
		{B2241FA1-7F77-46B1-AAFF-E256906DE2E7}.Ad-Hoc|ARM.Deploy.0 = Release|ARM
		{B2241FA1-7F77-46B1-AAFF-E256906DE2E7}.Ad-Hoc|iPhone.ActiveCfg = Release|Any CPU
		{B2241FA1-7F77-46B1-AAFF-E256906DE2E7}.Ad-Hoc|iPhone.Build.0 = Release|Any CPU
		{B2241FA1-7F77-46B1-AAFF-E256906DE2E7}.Ad-Hoc|iPhone.Deploy.0 = Release|Any CPU
		{B2241FA1-7F77-46B1-AAFF-E256906DE2E7}.Ad-Hoc|iPhoneSimulator.ActiveCfg = Release|Any CPU
		{B2241FA1-7F77-46B1-AAFF-E256906DE2E7}.Ad-Hoc|iPhoneSimulator.Build.0 = Release|Any CPU
		{B2241FA1-7F77-46B1-AAFF-E256906DE2E7}.Ad-Hoc|iPhoneSimulator.Deploy.0 = Release|Any CPU
		{B2241FA1-7F77-46B1-AAFF-E256906DE2E7}.Ad-Hoc|x64.ActiveCfg = Release|x64
		{B2241FA1-7F77-46B1-AAFF-E256906DE2E7}.Ad-Hoc|x64.Build.0 = Release|x64
		{B2241FA1-7F77-46B1-AAFF-E256906DE2E7}.Ad-Hoc|x64.Deploy.0 = Release|x64
		{B2241FA1-7F77-46B1-AAFF-E256906DE2E7}.Ad-Hoc|x86.ActiveCfg = Release|x86
		{B2241FA1-7F77-46B1-AAFF-E256906DE2E7}.Ad-Hoc|x86.Build.0 = Release|x86
		{B2241FA1-7F77-46B1-AAFF-E256906DE2E7}.Ad-Hoc|x86.Deploy.0 = Release|x86
		{B2241FA1-7F77-46B1-AAFF-E256906DE2E7}.AppStore|Any CPU.ActiveCfg = Release|Any CPU
		{B2241FA1-7F77-46B1-AAFF-E256906DE2E7}.AppStore|Any CPU.Build.0 = Release|Any CPU
		{B2241FA1-7F77-46B1-AAFF-E256906DE2E7}.AppStore|Any CPU.Deploy.0 = Release|Any CPU
		{B2241FA1-7F77-46B1-AAFF-E256906DE2E7}.AppStore|ARM.ActiveCfg = Release|ARM
		{B2241FA1-7F77-46B1-AAFF-E256906DE2E7}.AppStore|ARM.Build.0 = Release|ARM
		{B2241FA1-7F77-46B1-AAFF-E256906DE2E7}.AppStore|ARM.Deploy.0 = Release|ARM
		{B2241FA1-7F77-46B1-AAFF-E256906DE2E7}.AppStore|iPhone.ActiveCfg = Release|Any CPU
		{B2241FA1-7F77-46B1-AAFF-E256906DE2E7}.AppStore|iPhone.Build.0 = Release|Any CPU
		{B2241FA1-7F77-46B1-AAFF-E256906DE2E7}.AppStore|iPhone.Deploy.0 = Release|Any CPU
		{B2241FA1-7F77-46B1-AAFF-E256906DE2E7}.AppStore|iPhoneSimulator.ActiveCfg = Release|Any CPU
		{B2241FA1-7F77-46B1-AAFF-E256906DE2E7}.AppStore|iPhoneSimulator.Build.0 = Release|Any CPU
		{B2241FA1-7F77-46B1-AAFF-E256906DE2E7}.AppStore|iPhoneSimulator.Deploy.0 = Release|Any CPU
		{B2241FA1-7F77-46B1-AAFF-E256906DE2E7}.AppStore|x64.ActiveCfg = Release|x64
		{B2241FA1-7F77-46B1-AAFF-E256906DE2E7}.AppStore|x64.Build.0 = Release|x64
		{B2241FA1-7F77-46B1-AAFF-E256906DE2E7}.AppStore|x64.Deploy.0 = Release|x64
		{B2241FA1-7F77-46B1-AAFF-E256906DE2E7}.AppStore|x86.ActiveCfg = Release|x86
		{B2241FA1-7F77-46B1-AAFF-E256906DE2E7}.AppStore|x86.Build.0 = Release|x86
		{B2241FA1-7F77-46B1-AAFF-E256906DE2E7}.AppStore|x86.Deploy.0 = Release|x86
		{B2241FA1-7F77-46B1-AAFF-E256906DE2E7}.Debug|Any CPU.ActiveCfg = Debug|Any CPU
		{B2241FA1-7F77-46B1-AAFF-E256906DE2E7}.Debug|Any CPU.Build.0 = Debug|Any CPU
		{B2241FA1-7F77-46B1-AAFF-E256906DE2E7}.Debug|Any CPU.Deploy.0 = Debug|Any CPU
		{B2241FA1-7F77-46B1-AAFF-E256906DE2E7}.Debug|ARM.ActiveCfg = Debug|ARM
		{B2241FA1-7F77-46B1-AAFF-E256906DE2E7}.Debug|ARM.Build.0 = Debug|ARM
		{B2241FA1-7F77-46B1-AAFF-E256906DE2E7}.Debug|ARM.Deploy.0 = Debug|ARM
		{B2241FA1-7F77-46B1-AAFF-E256906DE2E7}.Debug|iPhone.ActiveCfg = Debug|Any CPU
		{B2241FA1-7F77-46B1-AAFF-E256906DE2E7}.Debug|iPhone.Build.0 = Debug|Any CPU
		{B2241FA1-7F77-46B1-AAFF-E256906DE2E7}.Debug|iPhone.Deploy.0 = Debug|Any CPU
		{B2241FA1-7F77-46B1-AAFF-E256906DE2E7}.Debug|iPhoneSimulator.ActiveCfg = Debug|Any CPU
		{B2241FA1-7F77-46B1-AAFF-E256906DE2E7}.Debug|iPhoneSimulator.Build.0 = Debug|Any CPU
		{B2241FA1-7F77-46B1-AAFF-E256906DE2E7}.Debug|iPhoneSimulator.Deploy.0 = Debug|Any CPU
		{B2241FA1-7F77-46B1-AAFF-E256906DE2E7}.Debug|x64.ActiveCfg = Debug|x64
		{B2241FA1-7F77-46B1-AAFF-E256906DE2E7}.Debug|x64.Build.0 = Debug|x64
		{B2241FA1-7F77-46B1-AAFF-E256906DE2E7}.Debug|x64.Deploy.0 = Debug|x64
		{B2241FA1-7F77-46B1-AAFF-E256906DE2E7}.Debug|x86.ActiveCfg = Debug|x86
		{B2241FA1-7F77-46B1-AAFF-E256906DE2E7}.Debug|x86.Build.0 = Debug|x86
		{B2241FA1-7F77-46B1-AAFF-E256906DE2E7}.Debug|x86.Deploy.0 = Debug|x86
		{B2241FA1-7F77-46B1-AAFF-E256906DE2E7}.Release|Any CPU.ActiveCfg = Release|Any CPU
		{B2241FA1-7F77-46B1-AAFF-E256906DE2E7}.Release|Any CPU.Build.0 = Release|Any CPU
		{B2241FA1-7F77-46B1-AAFF-E256906DE2E7}.Release|Any CPU.Deploy.0 = Release|Any CPU
		{B2241FA1-7F77-46B1-AAFF-E256906DE2E7}.Release|ARM.ActiveCfg = Release|ARM
		{B2241FA1-7F77-46B1-AAFF-E256906DE2E7}.Release|ARM.Build.0 = Release|ARM
		{B2241FA1-7F77-46B1-AAFF-E256906DE2E7}.Release|ARM.Deploy.0 = Release|ARM
		{B2241FA1-7F77-46B1-AAFF-E256906DE2E7}.Release|iPhone.ActiveCfg = Release|Any CPU
		{B2241FA1-7F77-46B1-AAFF-E256906DE2E7}.Release|iPhone.Build.0 = Release|Any CPU
		{B2241FA1-7F77-46B1-AAFF-E256906DE2E7}.Release|iPhone.Deploy.0 = Release|Any CPU
		{B2241FA1-7F77-46B1-AAFF-E256906DE2E7}.Release|iPhoneSimulator.ActiveCfg = Release|Any CPU
		{B2241FA1-7F77-46B1-AAFF-E256906DE2E7}.Release|iPhoneSimulator.Build.0 = Release|Any CPU
		{B2241FA1-7F77-46B1-AAFF-E256906DE2E7}.Release|iPhoneSimulator.Deploy.0 = Release|Any CPU
		{B2241FA1-7F77-46B1-AAFF-E256906DE2E7}.Release|x64.ActiveCfg = Release|x64
		{B2241FA1-7F77-46B1-AAFF-E256906DE2E7}.Release|x64.Build.0 = Release|x64
		{B2241FA1-7F77-46B1-AAFF-E256906DE2E7}.Release|x64.Deploy.0 = Release|x64
		{B2241FA1-7F77-46B1-AAFF-E256906DE2E7}.Release|x86.ActiveCfg = Release|x86
		{B2241FA1-7F77-46B1-AAFF-E256906DE2E7}.Release|x86.Build.0 = Release|x86
		{B2241FA1-7F77-46B1-AAFF-E256906DE2E7}.Release|x86.Deploy.0 = Release|x86
		{06422735-5EC6-4F3D-A49A-1D9DD0F25C54}.Ad-Hoc|Any CPU.ActiveCfg = Release|Any CPU
		{06422735-5EC6-4F3D-A49A-1D9DD0F25C54}.Ad-Hoc|Any CPU.Build.0 = Release|Any CPU
		{06422735-5EC6-4F3D-A49A-1D9DD0F25C54}.Ad-Hoc|ARM.ActiveCfg = Release|Any CPU
		{06422735-5EC6-4F3D-A49A-1D9DD0F25C54}.Ad-Hoc|ARM.Build.0 = Release|Any CPU
		{06422735-5EC6-4F3D-A49A-1D9DD0F25C54}.Ad-Hoc|iPhone.ActiveCfg = Release|Any CPU
		{06422735-5EC6-4F3D-A49A-1D9DD0F25C54}.Ad-Hoc|iPhone.Build.0 = Release|Any CPU
		{06422735-5EC6-4F3D-A49A-1D9DD0F25C54}.Ad-Hoc|iPhoneSimulator.ActiveCfg = Release|Any CPU
		{06422735-5EC6-4F3D-A49A-1D9DD0F25C54}.Ad-Hoc|iPhoneSimulator.Build.0 = Release|Any CPU
		{06422735-5EC6-4F3D-A49A-1D9DD0F25C54}.Ad-Hoc|x64.ActiveCfg = Release|Any CPU
		{06422735-5EC6-4F3D-A49A-1D9DD0F25C54}.Ad-Hoc|x64.Build.0 = Release|Any CPU
		{06422735-5EC6-4F3D-A49A-1D9DD0F25C54}.Ad-Hoc|x86.ActiveCfg = Release|Any CPU
		{06422735-5EC6-4F3D-A49A-1D9DD0F25C54}.Ad-Hoc|x86.Build.0 = Release|Any CPU
		{06422735-5EC6-4F3D-A49A-1D9DD0F25C54}.AppStore|Any CPU.ActiveCfg = Release|Any CPU
		{06422735-5EC6-4F3D-A49A-1D9DD0F25C54}.AppStore|Any CPU.Build.0 = Release|Any CPU
		{06422735-5EC6-4F3D-A49A-1D9DD0F25C54}.AppStore|ARM.ActiveCfg = Release|Any CPU
		{06422735-5EC6-4F3D-A49A-1D9DD0F25C54}.AppStore|ARM.Build.0 = Release|Any CPU
		{06422735-5EC6-4F3D-A49A-1D9DD0F25C54}.AppStore|iPhone.ActiveCfg = Release|Any CPU
		{06422735-5EC6-4F3D-A49A-1D9DD0F25C54}.AppStore|iPhone.Build.0 = Release|Any CPU
		{06422735-5EC6-4F3D-A49A-1D9DD0F25C54}.AppStore|iPhoneSimulator.ActiveCfg = Release|Any CPU
		{06422735-5EC6-4F3D-A49A-1D9DD0F25C54}.AppStore|iPhoneSimulator.Build.0 = Release|Any CPU
		{06422735-5EC6-4F3D-A49A-1D9DD0F25C54}.AppStore|x64.ActiveCfg = Release|Any CPU
		{06422735-5EC6-4F3D-A49A-1D9DD0F25C54}.AppStore|x64.Build.0 = Release|Any CPU
		{06422735-5EC6-4F3D-A49A-1D9DD0F25C54}.AppStore|x86.ActiveCfg = Release|Any CPU
		{06422735-5EC6-4F3D-A49A-1D9DD0F25C54}.AppStore|x86.Build.0 = Release|Any CPU
		{06422735-5EC6-4F3D-A49A-1D9DD0F25C54}.Debug|Any CPU.ActiveCfg = Debug|Any CPU
		{06422735-5EC6-4F3D-A49A-1D9DD0F25C54}.Debug|Any CPU.Build.0 = Debug|Any CPU
		{06422735-5EC6-4F3D-A49A-1D9DD0F25C54}.Debug|ARM.ActiveCfg = Debug|Any CPU
		{06422735-5EC6-4F3D-A49A-1D9DD0F25C54}.Debug|ARM.Build.0 = Debug|Any CPU
		{06422735-5EC6-4F3D-A49A-1D9DD0F25C54}.Debug|iPhone.ActiveCfg = Debug|Any CPU
		{06422735-5EC6-4F3D-A49A-1D9DD0F25C54}.Debug|iPhone.Build.0 = Debug|Any CPU
		{06422735-5EC6-4F3D-A49A-1D9DD0F25C54}.Debug|iPhoneSimulator.ActiveCfg = Debug|Any CPU
		{06422735-5EC6-4F3D-A49A-1D9DD0F25C54}.Debug|iPhoneSimulator.Build.0 = Debug|Any CPU
		{06422735-5EC6-4F3D-A49A-1D9DD0F25C54}.Debug|x64.ActiveCfg = Debug|Any CPU
		{06422735-5EC6-4F3D-A49A-1D9DD0F25C54}.Debug|x64.Build.0 = Debug|Any CPU
		{06422735-5EC6-4F3D-A49A-1D9DD0F25C54}.Debug|x86.ActiveCfg = Debug|Any CPU
		{06422735-5EC6-4F3D-A49A-1D9DD0F25C54}.Debug|x86.Build.0 = Debug|Any CPU
		{06422735-5EC6-4F3D-A49A-1D9DD0F25C54}.Release|Any CPU.ActiveCfg = Release|Any CPU
		{06422735-5EC6-4F3D-A49A-1D9DD0F25C54}.Release|Any CPU.Build.0 = Release|Any CPU
		{06422735-5EC6-4F3D-A49A-1D9DD0F25C54}.Release|ARM.ActiveCfg = Release|Any CPU
		{06422735-5EC6-4F3D-A49A-1D9DD0F25C54}.Release|ARM.Build.0 = Release|Any CPU
		{06422735-5EC6-4F3D-A49A-1D9DD0F25C54}.Release|iPhone.ActiveCfg = Release|Any CPU
		{06422735-5EC6-4F3D-A49A-1D9DD0F25C54}.Release|iPhone.Build.0 = Release|Any CPU
		{06422735-5EC6-4F3D-A49A-1D9DD0F25C54}.Release|iPhoneSimulator.ActiveCfg = Release|Any CPU
		{06422735-5EC6-4F3D-A49A-1D9DD0F25C54}.Release|iPhoneSimulator.Build.0 = Release|Any CPU
		{06422735-5EC6-4F3D-A49A-1D9DD0F25C54}.Release|x64.ActiveCfg = Release|Any CPU
		{06422735-5EC6-4F3D-A49A-1D9DD0F25C54}.Release|x64.Build.0 = Release|Any CPU
		{06422735-5EC6-4F3D-A49A-1D9DD0F25C54}.Release|x86.ActiveCfg = Release|Any CPU
		{06422735-5EC6-4F3D-A49A-1D9DD0F25C54}.Release|x86.Build.0 = Release|Any CPU
		{947452B1-A172-474A-9254-402D3334D7D3}.Ad-Hoc|Any CPU.ActiveCfg = Release|Any CPU
		{947452B1-A172-474A-9254-402D3334D7D3}.Ad-Hoc|Any CPU.Build.0 = Release|Any CPU
		{947452B1-A172-474A-9254-402D3334D7D3}.Ad-Hoc|ARM.ActiveCfg = Release|Any CPU
		{947452B1-A172-474A-9254-402D3334D7D3}.Ad-Hoc|ARM.Build.0 = Release|Any CPU
		{947452B1-A172-474A-9254-402D3334D7D3}.Ad-Hoc|iPhone.ActiveCfg = Release|Any CPU
		{947452B1-A172-474A-9254-402D3334D7D3}.Ad-Hoc|iPhone.Build.0 = Release|Any CPU
		{947452B1-A172-474A-9254-402D3334D7D3}.Ad-Hoc|iPhoneSimulator.ActiveCfg = Release|Any CPU
		{947452B1-A172-474A-9254-402D3334D7D3}.Ad-Hoc|iPhoneSimulator.Build.0 = Release|Any CPU
		{947452B1-A172-474A-9254-402D3334D7D3}.Ad-Hoc|x64.ActiveCfg = Release|Any CPU
		{947452B1-A172-474A-9254-402D3334D7D3}.Ad-Hoc|x64.Build.0 = Release|Any CPU
		{947452B1-A172-474A-9254-402D3334D7D3}.Ad-Hoc|x86.ActiveCfg = Release|Any CPU
		{947452B1-A172-474A-9254-402D3334D7D3}.Ad-Hoc|x86.Build.0 = Release|Any CPU
		{947452B1-A172-474A-9254-402D3334D7D3}.AppStore|Any CPU.ActiveCfg = Release|Any CPU
		{947452B1-A172-474A-9254-402D3334D7D3}.AppStore|Any CPU.Build.0 = Release|Any CPU
		{947452B1-A172-474A-9254-402D3334D7D3}.AppStore|ARM.ActiveCfg = Release|Any CPU
		{947452B1-A172-474A-9254-402D3334D7D3}.AppStore|ARM.Build.0 = Release|Any CPU
		{947452B1-A172-474A-9254-402D3334D7D3}.AppStore|iPhone.ActiveCfg = Release|Any CPU
		{947452B1-A172-474A-9254-402D3334D7D3}.AppStore|iPhone.Build.0 = Release|Any CPU
		{947452B1-A172-474A-9254-402D3334D7D3}.AppStore|iPhoneSimulator.ActiveCfg = Release|Any CPU
		{947452B1-A172-474A-9254-402D3334D7D3}.AppStore|iPhoneSimulator.Build.0 = Release|Any CPU
		{947452B1-A172-474A-9254-402D3334D7D3}.AppStore|x64.ActiveCfg = Release|Any CPU
		{947452B1-A172-474A-9254-402D3334D7D3}.AppStore|x64.Build.0 = Release|Any CPU
		{947452B1-A172-474A-9254-402D3334D7D3}.AppStore|x86.ActiveCfg = Release|Any CPU
		{947452B1-A172-474A-9254-402D3334D7D3}.AppStore|x86.Build.0 = Release|Any CPU
		{947452B1-A172-474A-9254-402D3334D7D3}.Debug|Any CPU.ActiveCfg = Debug|Any CPU
		{947452B1-A172-474A-9254-402D3334D7D3}.Debug|Any CPU.Build.0 = Debug|Any CPU
		{947452B1-A172-474A-9254-402D3334D7D3}.Debug|ARM.ActiveCfg = Debug|Any CPU
		{947452B1-A172-474A-9254-402D3334D7D3}.Debug|ARM.Build.0 = Debug|Any CPU
		{947452B1-A172-474A-9254-402D3334D7D3}.Debug|iPhone.ActiveCfg = Debug|Any CPU
		{947452B1-A172-474A-9254-402D3334D7D3}.Debug|iPhone.Build.0 = Debug|Any CPU
		{947452B1-A172-474A-9254-402D3334D7D3}.Debug|iPhoneSimulator.ActiveCfg = Debug|Any CPU
		{947452B1-A172-474A-9254-402D3334D7D3}.Debug|iPhoneSimulator.Build.0 = Debug|Any CPU
		{947452B1-A172-474A-9254-402D3334D7D3}.Debug|x64.ActiveCfg = Debug|Any CPU
		{947452B1-A172-474A-9254-402D3334D7D3}.Debug|x64.Build.0 = Debug|Any CPU
		{947452B1-A172-474A-9254-402D3334D7D3}.Debug|x86.ActiveCfg = Debug|Any CPU
		{947452B1-A172-474A-9254-402D3334D7D3}.Debug|x86.Build.0 = Debug|Any CPU
		{947452B1-A172-474A-9254-402D3334D7D3}.Release|Any CPU.ActiveCfg = Release|Any CPU
		{947452B1-A172-474A-9254-402D3334D7D3}.Release|Any CPU.Build.0 = Release|Any CPU
		{947452B1-A172-474A-9254-402D3334D7D3}.Release|ARM.ActiveCfg = Release|Any CPU
		{947452B1-A172-474A-9254-402D3334D7D3}.Release|ARM.Build.0 = Release|Any CPU
		{947452B1-A172-474A-9254-402D3334D7D3}.Release|iPhone.ActiveCfg = Release|Any CPU
		{947452B1-A172-474A-9254-402D3334D7D3}.Release|iPhone.Build.0 = Release|Any CPU
		{947452B1-A172-474A-9254-402D3334D7D3}.Release|iPhoneSimulator.ActiveCfg = Release|Any CPU
		{947452B1-A172-474A-9254-402D3334D7D3}.Release|iPhoneSimulator.Build.0 = Release|Any CPU
		{947452B1-A172-474A-9254-402D3334D7D3}.Release|x64.ActiveCfg = Release|Any CPU
		{947452B1-A172-474A-9254-402D3334D7D3}.Release|x64.Build.0 = Release|Any CPU
		{947452B1-A172-474A-9254-402D3334D7D3}.Release|x86.ActiveCfg = Release|Any CPU
		{947452B1-A172-474A-9254-402D3334D7D3}.Release|x86.Build.0 = Release|Any CPU
		{63DFDBEF-1E8A-48EF-BE48-1B0CE61BD1FD}.Ad-Hoc|Any CPU.ActiveCfg = Release|Any CPU
		{63DFDBEF-1E8A-48EF-BE48-1B0CE61BD1FD}.Ad-Hoc|Any CPU.Build.0 = Release|Any CPU
		{63DFDBEF-1E8A-48EF-BE48-1B0CE61BD1FD}.Ad-Hoc|Any CPU.Deploy.0 = Release|Any CPU
		{63DFDBEF-1E8A-48EF-BE48-1B0CE61BD1FD}.Ad-Hoc|ARM.ActiveCfg = Release|Any CPU
		{63DFDBEF-1E8A-48EF-BE48-1B0CE61BD1FD}.Ad-Hoc|ARM.Build.0 = Release|Any CPU
		{63DFDBEF-1E8A-48EF-BE48-1B0CE61BD1FD}.Ad-Hoc|ARM.Deploy.0 = Release|Any CPU
		{63DFDBEF-1E8A-48EF-BE48-1B0CE61BD1FD}.Ad-Hoc|iPhone.ActiveCfg = Release|Any CPU
		{63DFDBEF-1E8A-48EF-BE48-1B0CE61BD1FD}.Ad-Hoc|iPhone.Build.0 = Release|Any CPU
		{63DFDBEF-1E8A-48EF-BE48-1B0CE61BD1FD}.Ad-Hoc|iPhone.Deploy.0 = Release|Any CPU
		{63DFDBEF-1E8A-48EF-BE48-1B0CE61BD1FD}.Ad-Hoc|iPhoneSimulator.ActiveCfg = Release|Any CPU
		{63DFDBEF-1E8A-48EF-BE48-1B0CE61BD1FD}.Ad-Hoc|iPhoneSimulator.Build.0 = Release|Any CPU
		{63DFDBEF-1E8A-48EF-BE48-1B0CE61BD1FD}.Ad-Hoc|iPhoneSimulator.Deploy.0 = Release|Any CPU
		{63DFDBEF-1E8A-48EF-BE48-1B0CE61BD1FD}.Ad-Hoc|x64.ActiveCfg = Release|Any CPU
		{63DFDBEF-1E8A-48EF-BE48-1B0CE61BD1FD}.Ad-Hoc|x64.Build.0 = Release|Any CPU
		{63DFDBEF-1E8A-48EF-BE48-1B0CE61BD1FD}.Ad-Hoc|x64.Deploy.0 = Release|Any CPU
		{63DFDBEF-1E8A-48EF-BE48-1B0CE61BD1FD}.Ad-Hoc|x86.ActiveCfg = Release|Any CPU
		{63DFDBEF-1E8A-48EF-BE48-1B0CE61BD1FD}.Ad-Hoc|x86.Build.0 = Release|Any CPU
		{63DFDBEF-1E8A-48EF-BE48-1B0CE61BD1FD}.Ad-Hoc|x86.Deploy.0 = Release|Any CPU
		{63DFDBEF-1E8A-48EF-BE48-1B0CE61BD1FD}.AppStore|Any CPU.ActiveCfg = Release|Any CPU
		{63DFDBEF-1E8A-48EF-BE48-1B0CE61BD1FD}.AppStore|Any CPU.Build.0 = Release|Any CPU
		{63DFDBEF-1E8A-48EF-BE48-1B0CE61BD1FD}.AppStore|Any CPU.Deploy.0 = Release|Any CPU
		{63DFDBEF-1E8A-48EF-BE48-1B0CE61BD1FD}.AppStore|ARM.ActiveCfg = Release|Any CPU
		{63DFDBEF-1E8A-48EF-BE48-1B0CE61BD1FD}.AppStore|ARM.Build.0 = Release|Any CPU
		{63DFDBEF-1E8A-48EF-BE48-1B0CE61BD1FD}.AppStore|ARM.Deploy.0 = Release|Any CPU
		{63DFDBEF-1E8A-48EF-BE48-1B0CE61BD1FD}.AppStore|iPhone.ActiveCfg = Release|Any CPU
		{63DFDBEF-1E8A-48EF-BE48-1B0CE61BD1FD}.AppStore|iPhone.Build.0 = Release|Any CPU
		{63DFDBEF-1E8A-48EF-BE48-1B0CE61BD1FD}.AppStore|iPhone.Deploy.0 = Release|Any CPU
		{63DFDBEF-1E8A-48EF-BE48-1B0CE61BD1FD}.AppStore|iPhoneSimulator.ActiveCfg = Release|Any CPU
		{63DFDBEF-1E8A-48EF-BE48-1B0CE61BD1FD}.AppStore|iPhoneSimulator.Build.0 = Release|Any CPU
		{63DFDBEF-1E8A-48EF-BE48-1B0CE61BD1FD}.AppStore|iPhoneSimulator.Deploy.0 = Release|Any CPU
		{63DFDBEF-1E8A-48EF-BE48-1B0CE61BD1FD}.AppStore|x64.ActiveCfg = Release|Any CPU
		{63DFDBEF-1E8A-48EF-BE48-1B0CE61BD1FD}.AppStore|x64.Build.0 = Release|Any CPU
		{63DFDBEF-1E8A-48EF-BE48-1B0CE61BD1FD}.AppStore|x64.Deploy.0 = Release|Any CPU
		{63DFDBEF-1E8A-48EF-BE48-1B0CE61BD1FD}.AppStore|x86.ActiveCfg = Release|Any CPU
		{63DFDBEF-1E8A-48EF-BE48-1B0CE61BD1FD}.AppStore|x86.Build.0 = Release|Any CPU
		{63DFDBEF-1E8A-48EF-BE48-1B0CE61BD1FD}.AppStore|x86.Deploy.0 = Release|Any CPU
		{63DFDBEF-1E8A-48EF-BE48-1B0CE61BD1FD}.Debug|Any CPU.ActiveCfg = Debug|Any CPU
		{63DFDBEF-1E8A-48EF-BE48-1B0CE61BD1FD}.Debug|Any CPU.Build.0 = Debug|Any CPU
		{63DFDBEF-1E8A-48EF-BE48-1B0CE61BD1FD}.Debug|Any CPU.Deploy.0 = Debug|Any CPU
		{63DFDBEF-1E8A-48EF-BE48-1B0CE61BD1FD}.Debug|ARM.ActiveCfg = Debug|Any CPU
		{63DFDBEF-1E8A-48EF-BE48-1B0CE61BD1FD}.Debug|ARM.Build.0 = Debug|Any CPU
		{63DFDBEF-1E8A-48EF-BE48-1B0CE61BD1FD}.Debug|ARM.Deploy.0 = Debug|Any CPU
		{63DFDBEF-1E8A-48EF-BE48-1B0CE61BD1FD}.Debug|iPhone.ActiveCfg = Debug|Any CPU
		{63DFDBEF-1E8A-48EF-BE48-1B0CE61BD1FD}.Debug|iPhone.Build.0 = Debug|Any CPU
		{63DFDBEF-1E8A-48EF-BE48-1B0CE61BD1FD}.Debug|iPhone.Deploy.0 = Debug|Any CPU
		{63DFDBEF-1E8A-48EF-BE48-1B0CE61BD1FD}.Debug|iPhoneSimulator.ActiveCfg = Debug|Any CPU
		{63DFDBEF-1E8A-48EF-BE48-1B0CE61BD1FD}.Debug|iPhoneSimulator.Build.0 = Debug|Any CPU
		{63DFDBEF-1E8A-48EF-BE48-1B0CE61BD1FD}.Debug|iPhoneSimulator.Deploy.0 = Debug|Any CPU
		{63DFDBEF-1E8A-48EF-BE48-1B0CE61BD1FD}.Debug|x64.ActiveCfg = Debug|Any CPU
		{63DFDBEF-1E8A-48EF-BE48-1B0CE61BD1FD}.Debug|x64.Build.0 = Debug|Any CPU
		{63DFDBEF-1E8A-48EF-BE48-1B0CE61BD1FD}.Debug|x64.Deploy.0 = Debug|Any CPU
		{63DFDBEF-1E8A-48EF-BE48-1B0CE61BD1FD}.Debug|x86.ActiveCfg = Debug|Any CPU
		{63DFDBEF-1E8A-48EF-BE48-1B0CE61BD1FD}.Debug|x86.Build.0 = Debug|Any CPU
		{63DFDBEF-1E8A-48EF-BE48-1B0CE61BD1FD}.Debug|x86.Deploy.0 = Debug|Any CPU
		{63DFDBEF-1E8A-48EF-BE48-1B0CE61BD1FD}.Release|Any CPU.ActiveCfg = Release|Any CPU
		{63DFDBEF-1E8A-48EF-BE48-1B0CE61BD1FD}.Release|Any CPU.Build.0 = Release|Any CPU
		{63DFDBEF-1E8A-48EF-BE48-1B0CE61BD1FD}.Release|Any CPU.Deploy.0 = Release|Any CPU
		{63DFDBEF-1E8A-48EF-BE48-1B0CE61BD1FD}.Release|ARM.ActiveCfg = Release|Any CPU
		{63DFDBEF-1E8A-48EF-BE48-1B0CE61BD1FD}.Release|ARM.Build.0 = Release|Any CPU
		{63DFDBEF-1E8A-48EF-BE48-1B0CE61BD1FD}.Release|ARM.Deploy.0 = Release|Any CPU
		{63DFDBEF-1E8A-48EF-BE48-1B0CE61BD1FD}.Release|iPhone.ActiveCfg = Release|Any CPU
		{63DFDBEF-1E8A-48EF-BE48-1B0CE61BD1FD}.Release|iPhone.Build.0 = Release|Any CPU
		{63DFDBEF-1E8A-48EF-BE48-1B0CE61BD1FD}.Release|iPhone.Deploy.0 = Release|Any CPU
		{63DFDBEF-1E8A-48EF-BE48-1B0CE61BD1FD}.Release|iPhoneSimulator.ActiveCfg = Release|Any CPU
		{63DFDBEF-1E8A-48EF-BE48-1B0CE61BD1FD}.Release|iPhoneSimulator.Build.0 = Release|Any CPU
		{63DFDBEF-1E8A-48EF-BE48-1B0CE61BD1FD}.Release|iPhoneSimulator.Deploy.0 = Release|Any CPU
		{63DFDBEF-1E8A-48EF-BE48-1B0CE61BD1FD}.Release|x64.ActiveCfg = Release|Any CPU
		{63DFDBEF-1E8A-48EF-BE48-1B0CE61BD1FD}.Release|x64.Build.0 = Release|Any CPU
		{63DFDBEF-1E8A-48EF-BE48-1B0CE61BD1FD}.Release|x64.Deploy.0 = Release|Any CPU
		{63DFDBEF-1E8A-48EF-BE48-1B0CE61BD1FD}.Release|x86.ActiveCfg = Release|Any CPU
		{63DFDBEF-1E8A-48EF-BE48-1B0CE61BD1FD}.Release|x86.Build.0 = Release|Any CPU
		{63DFDBEF-1E8A-48EF-BE48-1B0CE61BD1FD}.Release|x86.Deploy.0 = Release|Any CPU
		{09A09FF2-5B2A-45AE-BEE6-CD6ECCCDD1EA}.Ad-Hoc|Any CPU.ActiveCfg = Ad-Hoc|iPhone
		{09A09FF2-5B2A-45AE-BEE6-CD6ECCCDD1EA}.Ad-Hoc|ARM.ActiveCfg = Ad-Hoc|iPhone
		{09A09FF2-5B2A-45AE-BEE6-CD6ECCCDD1EA}.Ad-Hoc|iPhone.ActiveCfg = Ad-Hoc|iPhone
		{09A09FF2-5B2A-45AE-BEE6-CD6ECCCDD1EA}.Ad-Hoc|iPhone.Build.0 = Ad-Hoc|iPhone
		{09A09FF2-5B2A-45AE-BEE6-CD6ECCCDD1EA}.Ad-Hoc|iPhoneSimulator.ActiveCfg = Ad-Hoc|iPhoneSimulator
		{09A09FF2-5B2A-45AE-BEE6-CD6ECCCDD1EA}.Ad-Hoc|iPhoneSimulator.Build.0 = Ad-Hoc|iPhoneSimulator
		{09A09FF2-5B2A-45AE-BEE6-CD6ECCCDD1EA}.Ad-Hoc|x64.ActiveCfg = Ad-Hoc|iPhone
		{09A09FF2-5B2A-45AE-BEE6-CD6ECCCDD1EA}.Ad-Hoc|x86.ActiveCfg = Ad-Hoc|iPhone
		{09A09FF2-5B2A-45AE-BEE6-CD6ECCCDD1EA}.AppStore|Any CPU.ActiveCfg = AppStore|iPhone
		{09A09FF2-5B2A-45AE-BEE6-CD6ECCCDD1EA}.AppStore|ARM.ActiveCfg = AppStore|iPhone
		{09A09FF2-5B2A-45AE-BEE6-CD6ECCCDD1EA}.AppStore|iPhone.ActiveCfg = AppStore|iPhone
		{09A09FF2-5B2A-45AE-BEE6-CD6ECCCDD1EA}.AppStore|iPhone.Build.0 = AppStore|iPhone
		{09A09FF2-5B2A-45AE-BEE6-CD6ECCCDD1EA}.AppStore|iPhoneSimulator.ActiveCfg = AppStore|iPhoneSimulator
		{09A09FF2-5B2A-45AE-BEE6-CD6ECCCDD1EA}.AppStore|iPhoneSimulator.Build.0 = AppStore|iPhoneSimulator
		{09A09FF2-5B2A-45AE-BEE6-CD6ECCCDD1EA}.AppStore|x64.ActiveCfg = AppStore|iPhone
		{09A09FF2-5B2A-45AE-BEE6-CD6ECCCDD1EA}.AppStore|x86.ActiveCfg = AppStore|iPhone
		{09A09FF2-5B2A-45AE-BEE6-CD6ECCCDD1EA}.Debug|Any CPU.ActiveCfg = Debug|iPhone
		{09A09FF2-5B2A-45AE-BEE6-CD6ECCCDD1EA}.Debug|ARM.ActiveCfg = Debug|iPhone
		{09A09FF2-5B2A-45AE-BEE6-CD6ECCCDD1EA}.Debug|iPhone.ActiveCfg = Debug|iPhone
		{09A09FF2-5B2A-45AE-BEE6-CD6ECCCDD1EA}.Debug|iPhone.Build.0 = Debug|iPhone
		{09A09FF2-5B2A-45AE-BEE6-CD6ECCCDD1EA}.Debug|iPhoneSimulator.ActiveCfg = Debug|iPhoneSimulator
		{09A09FF2-5B2A-45AE-BEE6-CD6ECCCDD1EA}.Debug|iPhoneSimulator.Build.0 = Debug|iPhoneSimulator
		{09A09FF2-5B2A-45AE-BEE6-CD6ECCCDD1EA}.Debug|x64.ActiveCfg = Debug|iPhone
		{09A09FF2-5B2A-45AE-BEE6-CD6ECCCDD1EA}.Debug|x86.ActiveCfg = Debug|iPhone
		{09A09FF2-5B2A-45AE-BEE6-CD6ECCCDD1EA}.Release|Any CPU.ActiveCfg = Release|iPhone
		{09A09FF2-5B2A-45AE-BEE6-CD6ECCCDD1EA}.Release|ARM.ActiveCfg = Release|iPhone
		{09A09FF2-5B2A-45AE-BEE6-CD6ECCCDD1EA}.Release|iPhone.ActiveCfg = Release|iPhone
		{09A09FF2-5B2A-45AE-BEE6-CD6ECCCDD1EA}.Release|iPhone.Build.0 = Release|iPhone
		{09A09FF2-5B2A-45AE-BEE6-CD6ECCCDD1EA}.Release|iPhoneSimulator.ActiveCfg = Release|iPhoneSimulator
		{09A09FF2-5B2A-45AE-BEE6-CD6ECCCDD1EA}.Release|iPhoneSimulator.Build.0 = Release|iPhoneSimulator
		{09A09FF2-5B2A-45AE-BEE6-CD6ECCCDD1EA}.Release|x64.ActiveCfg = Release|iPhone
		{09A09FF2-5B2A-45AE-BEE6-CD6ECCCDD1EA}.Release|x86.ActiveCfg = Release|iPhone
		{07E9FFD1-995B-4FF8-8D42-1CFE3E280872}.Ad-Hoc|Any CPU.ActiveCfg = Release|Any CPU
		{07E9FFD1-995B-4FF8-8D42-1CFE3E280872}.Ad-Hoc|Any CPU.Build.0 = Release|Any CPU
		{07E9FFD1-995B-4FF8-8D42-1CFE3E280872}.Ad-Hoc|Any CPU.Deploy.0 = Release|Any CPU
		{07E9FFD1-995B-4FF8-8D42-1CFE3E280872}.Ad-Hoc|ARM.ActiveCfg = Release|ARM
		{07E9FFD1-995B-4FF8-8D42-1CFE3E280872}.Ad-Hoc|ARM.Build.0 = Release|ARM
		{07E9FFD1-995B-4FF8-8D42-1CFE3E280872}.Ad-Hoc|ARM.Deploy.0 = Release|ARM
		{07E9FFD1-995B-4FF8-8D42-1CFE3E280872}.Ad-Hoc|iPhone.ActiveCfg = Release|Any CPU
		{07E9FFD1-995B-4FF8-8D42-1CFE3E280872}.Ad-Hoc|iPhone.Build.0 = Release|Any CPU
		{07E9FFD1-995B-4FF8-8D42-1CFE3E280872}.Ad-Hoc|iPhone.Deploy.0 = Release|Any CPU
		{07E9FFD1-995B-4FF8-8D42-1CFE3E280872}.Ad-Hoc|iPhoneSimulator.ActiveCfg = Release|Any CPU
		{07E9FFD1-995B-4FF8-8D42-1CFE3E280872}.Ad-Hoc|iPhoneSimulator.Build.0 = Release|Any CPU
		{07E9FFD1-995B-4FF8-8D42-1CFE3E280872}.Ad-Hoc|iPhoneSimulator.Deploy.0 = Release|Any CPU
		{07E9FFD1-995B-4FF8-8D42-1CFE3E280872}.Ad-Hoc|x64.ActiveCfg = Release|Any CPU
		{07E9FFD1-995B-4FF8-8D42-1CFE3E280872}.Ad-Hoc|x64.Build.0 = Release|Any CPU
		{07E9FFD1-995B-4FF8-8D42-1CFE3E280872}.Ad-Hoc|x64.Deploy.0 = Release|Any CPU
		{07E9FFD1-995B-4FF8-8D42-1CFE3E280872}.Ad-Hoc|x86.ActiveCfg = Release|x86
		{07E9FFD1-995B-4FF8-8D42-1CFE3E280872}.Ad-Hoc|x86.Build.0 = Release|x86
		{07E9FFD1-995B-4FF8-8D42-1CFE3E280872}.Ad-Hoc|x86.Deploy.0 = Release|x86
		{07E9FFD1-995B-4FF8-8D42-1CFE3E280872}.AppStore|Any CPU.ActiveCfg = Release|Any CPU
		{07E9FFD1-995B-4FF8-8D42-1CFE3E280872}.AppStore|Any CPU.Build.0 = Release|Any CPU
		{07E9FFD1-995B-4FF8-8D42-1CFE3E280872}.AppStore|Any CPU.Deploy.0 = Release|Any CPU
		{07E9FFD1-995B-4FF8-8D42-1CFE3E280872}.AppStore|ARM.ActiveCfg = Release|ARM
		{07E9FFD1-995B-4FF8-8D42-1CFE3E280872}.AppStore|ARM.Build.0 = Release|ARM
		{07E9FFD1-995B-4FF8-8D42-1CFE3E280872}.AppStore|ARM.Deploy.0 = Release|ARM
		{07E9FFD1-995B-4FF8-8D42-1CFE3E280872}.AppStore|iPhone.ActiveCfg = Release|Any CPU
		{07E9FFD1-995B-4FF8-8D42-1CFE3E280872}.AppStore|iPhone.Build.0 = Release|Any CPU
		{07E9FFD1-995B-4FF8-8D42-1CFE3E280872}.AppStore|iPhone.Deploy.0 = Release|Any CPU
		{07E9FFD1-995B-4FF8-8D42-1CFE3E280872}.AppStore|iPhoneSimulator.ActiveCfg = Release|Any CPU
		{07E9FFD1-995B-4FF8-8D42-1CFE3E280872}.AppStore|iPhoneSimulator.Build.0 = Release|Any CPU
		{07E9FFD1-995B-4FF8-8D42-1CFE3E280872}.AppStore|iPhoneSimulator.Deploy.0 = Release|Any CPU
		{07E9FFD1-995B-4FF8-8D42-1CFE3E280872}.AppStore|x64.ActiveCfg = Release|Any CPU
		{07E9FFD1-995B-4FF8-8D42-1CFE3E280872}.AppStore|x64.Build.0 = Release|Any CPU
		{07E9FFD1-995B-4FF8-8D42-1CFE3E280872}.AppStore|x64.Deploy.0 = Release|Any CPU
		{07E9FFD1-995B-4FF8-8D42-1CFE3E280872}.AppStore|x86.ActiveCfg = Release|x86
		{07E9FFD1-995B-4FF8-8D42-1CFE3E280872}.AppStore|x86.Build.0 = Release|x86
		{07E9FFD1-995B-4FF8-8D42-1CFE3E280872}.AppStore|x86.Deploy.0 = Release|x86
		{07E9FFD1-995B-4FF8-8D42-1CFE3E280872}.Debug|Any CPU.ActiveCfg = Debug|Any CPU
		{07E9FFD1-995B-4FF8-8D42-1CFE3E280872}.Debug|Any CPU.Build.0 = Debug|Any CPU
		{07E9FFD1-995B-4FF8-8D42-1CFE3E280872}.Debug|Any CPU.Deploy.0 = Debug|Any CPU
		{07E9FFD1-995B-4FF8-8D42-1CFE3E280872}.Debug|ARM.ActiveCfg = Debug|ARM
		{07E9FFD1-995B-4FF8-8D42-1CFE3E280872}.Debug|ARM.Build.0 = Debug|ARM
		{07E9FFD1-995B-4FF8-8D42-1CFE3E280872}.Debug|ARM.Deploy.0 = Debug|ARM
		{07E9FFD1-995B-4FF8-8D42-1CFE3E280872}.Debug|iPhone.ActiveCfg = Debug|Any CPU
		{07E9FFD1-995B-4FF8-8D42-1CFE3E280872}.Debug|iPhone.Build.0 = Debug|Any CPU
		{07E9FFD1-995B-4FF8-8D42-1CFE3E280872}.Debug|iPhone.Deploy.0 = Debug|Any CPU
		{07E9FFD1-995B-4FF8-8D42-1CFE3E280872}.Debug|iPhoneSimulator.ActiveCfg = Debug|Any CPU
		{07E9FFD1-995B-4FF8-8D42-1CFE3E280872}.Debug|iPhoneSimulator.Build.0 = Debug|Any CPU
		{07E9FFD1-995B-4FF8-8D42-1CFE3E280872}.Debug|iPhoneSimulator.Deploy.0 = Debug|Any CPU
		{07E9FFD1-995B-4FF8-8D42-1CFE3E280872}.Debug|x64.ActiveCfg = Debug|Any CPU
		{07E9FFD1-995B-4FF8-8D42-1CFE3E280872}.Debug|x64.Build.0 = Debug|Any CPU
		{07E9FFD1-995B-4FF8-8D42-1CFE3E280872}.Debug|x64.Deploy.0 = Debug|Any CPU
		{07E9FFD1-995B-4FF8-8D42-1CFE3E280872}.Debug|x86.ActiveCfg = Debug|x86
		{07E9FFD1-995B-4FF8-8D42-1CFE3E280872}.Debug|x86.Build.0 = Debug|x86
		{07E9FFD1-995B-4FF8-8D42-1CFE3E280872}.Debug|x86.Deploy.0 = Debug|x86
		{07E9FFD1-995B-4FF8-8D42-1CFE3E280872}.Release|Any CPU.ActiveCfg = Release|Any CPU
		{07E9FFD1-995B-4FF8-8D42-1CFE3E280872}.Release|Any CPU.Build.0 = Release|Any CPU
		{07E9FFD1-995B-4FF8-8D42-1CFE3E280872}.Release|Any CPU.Deploy.0 = Release|Any CPU
		{07E9FFD1-995B-4FF8-8D42-1CFE3E280872}.Release|ARM.ActiveCfg = Release|ARM
		{07E9FFD1-995B-4FF8-8D42-1CFE3E280872}.Release|ARM.Build.0 = Release|ARM
		{07E9FFD1-995B-4FF8-8D42-1CFE3E280872}.Release|ARM.Deploy.0 = Release|ARM
		{07E9FFD1-995B-4FF8-8D42-1CFE3E280872}.Release|iPhone.ActiveCfg = Release|Any CPU
		{07E9FFD1-995B-4FF8-8D42-1CFE3E280872}.Release|iPhone.Build.0 = Release|Any CPU
		{07E9FFD1-995B-4FF8-8D42-1CFE3E280872}.Release|iPhone.Deploy.0 = Release|Any CPU
		{07E9FFD1-995B-4FF8-8D42-1CFE3E280872}.Release|iPhoneSimulator.ActiveCfg = Release|Any CPU
		{07E9FFD1-995B-4FF8-8D42-1CFE3E280872}.Release|iPhoneSimulator.Build.0 = Release|Any CPU
		{07E9FFD1-995B-4FF8-8D42-1CFE3E280872}.Release|iPhoneSimulator.Deploy.0 = Release|Any CPU
		{07E9FFD1-995B-4FF8-8D42-1CFE3E280872}.Release|x64.ActiveCfg = Release|Any CPU
		{07E9FFD1-995B-4FF8-8D42-1CFE3E280872}.Release|x64.Build.0 = Release|Any CPU
		{07E9FFD1-995B-4FF8-8D42-1CFE3E280872}.Release|x64.Deploy.0 = Release|Any CPU
		{07E9FFD1-995B-4FF8-8D42-1CFE3E280872}.Release|x86.ActiveCfg = Release|x86
		{07E9FFD1-995B-4FF8-8D42-1CFE3E280872}.Release|x86.Build.0 = Release|x86
		{07E9FFD1-995B-4FF8-8D42-1CFE3E280872}.Release|x86.Deploy.0 = Release|x86
		{0068B9DA-40AE-4140-94CA-7BA3926B44EA}.Ad-Hoc|Any CPU.ActiveCfg = Release|x86
		{0068B9DA-40AE-4140-94CA-7BA3926B44EA}.Ad-Hoc|Any CPU.Build.0 = Release|x86
		{0068B9DA-40AE-4140-94CA-7BA3926B44EA}.Ad-Hoc|Any CPU.Deploy.0 = Release|x86
		{0068B9DA-40AE-4140-94CA-7BA3926B44EA}.Ad-Hoc|ARM.ActiveCfg = Release|ARM
		{0068B9DA-40AE-4140-94CA-7BA3926B44EA}.Ad-Hoc|ARM.Build.0 = Release|ARM
		{0068B9DA-40AE-4140-94CA-7BA3926B44EA}.Ad-Hoc|ARM.Deploy.0 = Release|ARM
		{0068B9DA-40AE-4140-94CA-7BA3926B44EA}.Ad-Hoc|iPhone.ActiveCfg = Release|x86
		{0068B9DA-40AE-4140-94CA-7BA3926B44EA}.Ad-Hoc|iPhone.Build.0 = Release|x86
		{0068B9DA-40AE-4140-94CA-7BA3926B44EA}.Ad-Hoc|iPhone.Deploy.0 = Release|x86
		{0068B9DA-40AE-4140-94CA-7BA3926B44EA}.Ad-Hoc|iPhoneSimulator.ActiveCfg = Release|x86
		{0068B9DA-40AE-4140-94CA-7BA3926B44EA}.Ad-Hoc|iPhoneSimulator.Build.0 = Release|x86
		{0068B9DA-40AE-4140-94CA-7BA3926B44EA}.Ad-Hoc|iPhoneSimulator.Deploy.0 = Release|x86
		{0068B9DA-40AE-4140-94CA-7BA3926B44EA}.Ad-Hoc|x64.ActiveCfg = Release|x64
		{0068B9DA-40AE-4140-94CA-7BA3926B44EA}.Ad-Hoc|x64.Build.0 = Release|x64
		{0068B9DA-40AE-4140-94CA-7BA3926B44EA}.Ad-Hoc|x64.Deploy.0 = Release|x64
		{0068B9DA-40AE-4140-94CA-7BA3926B44EA}.Ad-Hoc|x86.ActiveCfg = Release|x86
		{0068B9DA-40AE-4140-94CA-7BA3926B44EA}.Ad-Hoc|x86.Build.0 = Release|x86
		{0068B9DA-40AE-4140-94CA-7BA3926B44EA}.Ad-Hoc|x86.Deploy.0 = Release|x86
		{0068B9DA-40AE-4140-94CA-7BA3926B44EA}.AppStore|Any CPU.ActiveCfg = Release|x86
		{0068B9DA-40AE-4140-94CA-7BA3926B44EA}.AppStore|Any CPU.Build.0 = Release|x86
		{0068B9DA-40AE-4140-94CA-7BA3926B44EA}.AppStore|Any CPU.Deploy.0 = Release|x86
		{0068B9DA-40AE-4140-94CA-7BA3926B44EA}.AppStore|ARM.ActiveCfg = Release|ARM
		{0068B9DA-40AE-4140-94CA-7BA3926B44EA}.AppStore|ARM.Build.0 = Release|ARM
		{0068B9DA-40AE-4140-94CA-7BA3926B44EA}.AppStore|ARM.Deploy.0 = Release|ARM
		{0068B9DA-40AE-4140-94CA-7BA3926B44EA}.AppStore|iPhone.ActiveCfg = Release|x86
		{0068B9DA-40AE-4140-94CA-7BA3926B44EA}.AppStore|iPhone.Build.0 = Release|x86
		{0068B9DA-40AE-4140-94CA-7BA3926B44EA}.AppStore|iPhone.Deploy.0 = Release|x86
		{0068B9DA-40AE-4140-94CA-7BA3926B44EA}.AppStore|iPhoneSimulator.ActiveCfg = Release|x86
		{0068B9DA-40AE-4140-94CA-7BA3926B44EA}.AppStore|iPhoneSimulator.Build.0 = Release|x86
		{0068B9DA-40AE-4140-94CA-7BA3926B44EA}.AppStore|iPhoneSimulator.Deploy.0 = Release|x86
		{0068B9DA-40AE-4140-94CA-7BA3926B44EA}.AppStore|x64.ActiveCfg = Release|x64
		{0068B9DA-40AE-4140-94CA-7BA3926B44EA}.AppStore|x64.Build.0 = Release|x64
		{0068B9DA-40AE-4140-94CA-7BA3926B44EA}.AppStore|x64.Deploy.0 = Release|x64
		{0068B9DA-40AE-4140-94CA-7BA3926B44EA}.AppStore|x86.ActiveCfg = Release|x86
		{0068B9DA-40AE-4140-94CA-7BA3926B44EA}.AppStore|x86.Build.0 = Release|x86
		{0068B9DA-40AE-4140-94CA-7BA3926B44EA}.AppStore|x86.Deploy.0 = Release|x86
		{0068B9DA-40AE-4140-94CA-7BA3926B44EA}.Debug|Any CPU.ActiveCfg = Debug|x86
		{0068B9DA-40AE-4140-94CA-7BA3926B44EA}.Debug|ARM.ActiveCfg = Debug|ARM
		{0068B9DA-40AE-4140-94CA-7BA3926B44EA}.Debug|ARM.Build.0 = Debug|ARM
		{0068B9DA-40AE-4140-94CA-7BA3926B44EA}.Debug|ARM.Deploy.0 = Debug|ARM
		{0068B9DA-40AE-4140-94CA-7BA3926B44EA}.Debug|iPhone.ActiveCfg = Debug|x86
		{0068B9DA-40AE-4140-94CA-7BA3926B44EA}.Debug|iPhoneSimulator.ActiveCfg = Debug|x86
		{0068B9DA-40AE-4140-94CA-7BA3926B44EA}.Debug|x64.ActiveCfg = Debug|x64
		{0068B9DA-40AE-4140-94CA-7BA3926B44EA}.Debug|x64.Build.0 = Debug|x64
		{0068B9DA-40AE-4140-94CA-7BA3926B44EA}.Debug|x64.Deploy.0 = Debug|x64
		{0068B9DA-40AE-4140-94CA-7BA3926B44EA}.Debug|x86.ActiveCfg = Debug|x86
		{0068B9DA-40AE-4140-94CA-7BA3926B44EA}.Debug|x86.Build.0 = Debug|x86
		{0068B9DA-40AE-4140-94CA-7BA3926B44EA}.Debug|x86.Deploy.0 = Debug|x86
		{0068B9DA-40AE-4140-94CA-7BA3926B44EA}.Release|Any CPU.ActiveCfg = Release|x86
		{0068B9DA-40AE-4140-94CA-7BA3926B44EA}.Release|ARM.ActiveCfg = Release|ARM
		{0068B9DA-40AE-4140-94CA-7BA3926B44EA}.Release|ARM.Build.0 = Release|ARM
		{0068B9DA-40AE-4140-94CA-7BA3926B44EA}.Release|ARM.Deploy.0 = Release|ARM
		{0068B9DA-40AE-4140-94CA-7BA3926B44EA}.Release|iPhone.ActiveCfg = Release|x86
		{0068B9DA-40AE-4140-94CA-7BA3926B44EA}.Release|iPhoneSimulator.ActiveCfg = Release|x86
		{0068B9DA-40AE-4140-94CA-7BA3926B44EA}.Release|x64.ActiveCfg = Release|x64
		{0068B9DA-40AE-4140-94CA-7BA3926B44EA}.Release|x64.Build.0 = Release|x64
		{0068B9DA-40AE-4140-94CA-7BA3926B44EA}.Release|x64.Deploy.0 = Release|x64
		{0068B9DA-40AE-4140-94CA-7BA3926B44EA}.Release|x86.ActiveCfg = Release|x86
		{0068B9DA-40AE-4140-94CA-7BA3926B44EA}.Release|x86.Build.0 = Release|x86
		{0068B9DA-40AE-4140-94CA-7BA3926B44EA}.Release|x86.Deploy.0 = Release|x86
		{6891E125-FB7C-4334-96DF-E31F8F30F4DB}.Ad-Hoc|Any CPU.ActiveCfg = Release|Any CPU
		{6891E125-FB7C-4334-96DF-E31F8F30F4DB}.Ad-Hoc|Any CPU.Build.0 = Release|Any CPU
		{6891E125-FB7C-4334-96DF-E31F8F30F4DB}.Ad-Hoc|Any CPU.Deploy.0 = Release|Any CPU
		{6891E125-FB7C-4334-96DF-E31F8F30F4DB}.Ad-Hoc|ARM.ActiveCfg = Release|ARM
		{6891E125-FB7C-4334-96DF-E31F8F30F4DB}.Ad-Hoc|ARM.Build.0 = Release|ARM
		{6891E125-FB7C-4334-96DF-E31F8F30F4DB}.Ad-Hoc|ARM.Deploy.0 = Release|ARM
		{6891E125-FB7C-4334-96DF-E31F8F30F4DB}.Ad-Hoc|iPhone.ActiveCfg = Release|Any CPU
		{6891E125-FB7C-4334-96DF-E31F8F30F4DB}.Ad-Hoc|iPhone.Build.0 = Release|Any CPU
		{6891E125-FB7C-4334-96DF-E31F8F30F4DB}.Ad-Hoc|iPhone.Deploy.0 = Release|Any CPU
		{6891E125-FB7C-4334-96DF-E31F8F30F4DB}.Ad-Hoc|iPhoneSimulator.ActiveCfg = Release|Any CPU
		{6891E125-FB7C-4334-96DF-E31F8F30F4DB}.Ad-Hoc|iPhoneSimulator.Build.0 = Release|Any CPU
		{6891E125-FB7C-4334-96DF-E31F8F30F4DB}.Ad-Hoc|iPhoneSimulator.Deploy.0 = Release|Any CPU
		{6891E125-FB7C-4334-96DF-E31F8F30F4DB}.Ad-Hoc|x64.ActiveCfg = Release|x64
		{6891E125-FB7C-4334-96DF-E31F8F30F4DB}.Ad-Hoc|x64.Build.0 = Release|x64
		{6891E125-FB7C-4334-96DF-E31F8F30F4DB}.Ad-Hoc|x64.Deploy.0 = Release|x64
		{6891E125-FB7C-4334-96DF-E31F8F30F4DB}.Ad-Hoc|x86.ActiveCfg = Release|x86
		{6891E125-FB7C-4334-96DF-E31F8F30F4DB}.Ad-Hoc|x86.Build.0 = Release|x86
		{6891E125-FB7C-4334-96DF-E31F8F30F4DB}.Ad-Hoc|x86.Deploy.0 = Release|x86
		{6891E125-FB7C-4334-96DF-E31F8F30F4DB}.AppStore|Any CPU.ActiveCfg = Release|Any CPU
		{6891E125-FB7C-4334-96DF-E31F8F30F4DB}.AppStore|Any CPU.Build.0 = Release|Any CPU
		{6891E125-FB7C-4334-96DF-E31F8F30F4DB}.AppStore|Any CPU.Deploy.0 = Release|Any CPU
		{6891E125-FB7C-4334-96DF-E31F8F30F4DB}.AppStore|ARM.ActiveCfg = Release|ARM
		{6891E125-FB7C-4334-96DF-E31F8F30F4DB}.AppStore|ARM.Build.0 = Release|ARM
		{6891E125-FB7C-4334-96DF-E31F8F30F4DB}.AppStore|ARM.Deploy.0 = Release|ARM
		{6891E125-FB7C-4334-96DF-E31F8F30F4DB}.AppStore|iPhone.ActiveCfg = Release|Any CPU
		{6891E125-FB7C-4334-96DF-E31F8F30F4DB}.AppStore|iPhone.Build.0 = Release|Any CPU
		{6891E125-FB7C-4334-96DF-E31F8F30F4DB}.AppStore|iPhone.Deploy.0 = Release|Any CPU
		{6891E125-FB7C-4334-96DF-E31F8F30F4DB}.AppStore|iPhoneSimulator.ActiveCfg = Release|Any CPU
		{6891E125-FB7C-4334-96DF-E31F8F30F4DB}.AppStore|iPhoneSimulator.Build.0 = Release|Any CPU
		{6891E125-FB7C-4334-96DF-E31F8F30F4DB}.AppStore|iPhoneSimulator.Deploy.0 = Release|Any CPU
		{6891E125-FB7C-4334-96DF-E31F8F30F4DB}.AppStore|x64.ActiveCfg = Release|x64
		{6891E125-FB7C-4334-96DF-E31F8F30F4DB}.AppStore|x64.Build.0 = Release|x64
		{6891E125-FB7C-4334-96DF-E31F8F30F4DB}.AppStore|x64.Deploy.0 = Release|x64
		{6891E125-FB7C-4334-96DF-E31F8F30F4DB}.AppStore|x86.ActiveCfg = Release|x86
		{6891E125-FB7C-4334-96DF-E31F8F30F4DB}.AppStore|x86.Build.0 = Release|x86
		{6891E125-FB7C-4334-96DF-E31F8F30F4DB}.AppStore|x86.Deploy.0 = Release|x86
		{6891E125-FB7C-4334-96DF-E31F8F30F4DB}.Debug|Any CPU.ActiveCfg = Debug|Any CPU
		{6891E125-FB7C-4334-96DF-E31F8F30F4DB}.Debug|Any CPU.Build.0 = Debug|Any CPU
		{6891E125-FB7C-4334-96DF-E31F8F30F4DB}.Debug|Any CPU.Deploy.0 = Debug|Any CPU
		{6891E125-FB7C-4334-96DF-E31F8F30F4DB}.Debug|ARM.ActiveCfg = Debug|ARM
		{6891E125-FB7C-4334-96DF-E31F8F30F4DB}.Debug|ARM.Build.0 = Debug|ARM
		{6891E125-FB7C-4334-96DF-E31F8F30F4DB}.Debug|ARM.Deploy.0 = Debug|ARM
		{6891E125-FB7C-4334-96DF-E31F8F30F4DB}.Debug|iPhone.ActiveCfg = Debug|Any CPU
		{6891E125-FB7C-4334-96DF-E31F8F30F4DB}.Debug|iPhone.Build.0 = Debug|Any CPU
		{6891E125-FB7C-4334-96DF-E31F8F30F4DB}.Debug|iPhone.Deploy.0 = Debug|Any CPU
		{6891E125-FB7C-4334-96DF-E31F8F30F4DB}.Debug|iPhoneSimulator.ActiveCfg = Debug|Any CPU
		{6891E125-FB7C-4334-96DF-E31F8F30F4DB}.Debug|iPhoneSimulator.Build.0 = Debug|Any CPU
		{6891E125-FB7C-4334-96DF-E31F8F30F4DB}.Debug|iPhoneSimulator.Deploy.0 = Debug|Any CPU
		{6891E125-FB7C-4334-96DF-E31F8F30F4DB}.Debug|x64.ActiveCfg = Debug|x64
		{6891E125-FB7C-4334-96DF-E31F8F30F4DB}.Debug|x64.Build.0 = Debug|x64
		{6891E125-FB7C-4334-96DF-E31F8F30F4DB}.Debug|x64.Deploy.0 = Debug|x64
		{6891E125-FB7C-4334-96DF-E31F8F30F4DB}.Debug|x86.ActiveCfg = Debug|x86
		{6891E125-FB7C-4334-96DF-E31F8F30F4DB}.Debug|x86.Build.0 = Debug|x86
		{6891E125-FB7C-4334-96DF-E31F8F30F4DB}.Debug|x86.Deploy.0 = Debug|x86
		{6891E125-FB7C-4334-96DF-E31F8F30F4DB}.Release|Any CPU.ActiveCfg = Release|Any CPU
		{6891E125-FB7C-4334-96DF-E31F8F30F4DB}.Release|Any CPU.Build.0 = Release|Any CPU
		{6891E125-FB7C-4334-96DF-E31F8F30F4DB}.Release|Any CPU.Deploy.0 = Release|Any CPU
		{6891E125-FB7C-4334-96DF-E31F8F30F4DB}.Release|ARM.ActiveCfg = Release|ARM
		{6891E125-FB7C-4334-96DF-E31F8F30F4DB}.Release|ARM.Build.0 = Release|ARM
		{6891E125-FB7C-4334-96DF-E31F8F30F4DB}.Release|ARM.Deploy.0 = Release|ARM
		{6891E125-FB7C-4334-96DF-E31F8F30F4DB}.Release|iPhone.ActiveCfg = Release|Any CPU
		{6891E125-FB7C-4334-96DF-E31F8F30F4DB}.Release|iPhone.Build.0 = Release|Any CPU
		{6891E125-FB7C-4334-96DF-E31F8F30F4DB}.Release|iPhone.Deploy.0 = Release|Any CPU
		{6891E125-FB7C-4334-96DF-E31F8F30F4DB}.Release|iPhoneSimulator.ActiveCfg = Release|Any CPU
		{6891E125-FB7C-4334-96DF-E31F8F30F4DB}.Release|iPhoneSimulator.Build.0 = Release|Any CPU
		{6891E125-FB7C-4334-96DF-E31F8F30F4DB}.Release|iPhoneSimulator.Deploy.0 = Release|Any CPU
		{6891E125-FB7C-4334-96DF-E31F8F30F4DB}.Release|x64.ActiveCfg = Release|x64
		{6891E125-FB7C-4334-96DF-E31F8F30F4DB}.Release|x64.Build.0 = Release|x64
		{6891E125-FB7C-4334-96DF-E31F8F30F4DB}.Release|x64.Deploy.0 = Release|x64
		{6891E125-FB7C-4334-96DF-E31F8F30F4DB}.Release|x86.ActiveCfg = Release|x86
		{6891E125-FB7C-4334-96DF-E31F8F30F4DB}.Release|x86.Build.0 = Release|x86
		{6891E125-FB7C-4334-96DF-E31F8F30F4DB}.Release|x86.Deploy.0 = Release|x86
	EndGlobalSection
	GlobalSection(SolutionProperties) = preSolution
		HideSolutionNode = FALSE
	EndGlobalSection
EndGlobal
